<?xml version="1.0" encoding="utf-8"?>
<Project ToolsVersion="4.0" xmlns="http://schemas.microsoft.com/developer/msbuild/2003">
  <ItemGroup>
    <Filter Include="ソース ファイル">
      <UniqueIdentifier>{4FC737F1-C7A5-4376-A066-2A32D752A2FF}</UniqueIdentifier>
      <Extensions>cpp;c;cc;cxx;c++;cppm;ixx;def;odl;idl;hpj;bat;asm;asmx</Extensions>
    </Filter>
    <Filter Include="ヘッダー ファイル">
      <UniqueIdentifier>{93995380-89BD-4b04-88EB-625FBE52EBFB}</UniqueIdentifier>
      <Extensions>h;hh;hpp;hxx;h++;hm;inl;inc;ipp;xsd</Extensions>
    </Filter>
    <Filter Include="リソース ファイル">
      <UniqueIdentifier>{67DA6AB6-F800-4c08-8B7A-83BB121AAD01}</UniqueIdentifier>
      <Extensions>rc;ico;cur;bmp;dlg;rc2;rct;bin;rgs;gif;jpg;jpeg;jpe;resx;tiff;tif;png;wav;mfcribbon-ms</Extensions>
    </Filter>
    <Filter Include="ヘッダー ファイル\Math">
      <UniqueIdentifier>{39f7d0ad-c764-4ef7-ae55-da4b2a53d826}</UniqueIdentifier>
    </Filter>
    <Filter Include="ソース ファイル\Math">
      <UniqueIdentifier>{ee8f84ca-8b6d-42c6-bff8-ff2e686174eb}</UniqueIdentifier>
    </Filter>
    <Filter Include="ヘッダー ファイル\Scene">
      <UniqueIdentifier>{5ed1409c-9607-4292-81cd-bf1c8f88c16e}</UniqueIdentifier>
    </Filter>
    <Filter Include="ソース ファイル\Scene">
      <UniqueIdentifier>{de605588-fffa-4f9e-9f53-a840fd236224}</UniqueIdentifier>
    </Filter>
    <Filter Include="GameUtillity">
      <UniqueIdentifier>{f287b67d-d334-45c7-94fa-3a00cc84afb9}</UniqueIdentifier>
    </Filter>
    <Filter Include="GameUtillity\cpp">
      <UniqueIdentifier>{a5b60dcd-fd8b-4ad9-b3b4-2483e4df73b4}</UniqueIdentifier>
    </Filter>
    <Filter Include="GameUtillity\h">
      <UniqueIdentifier>{5597c081-b866-42eb-b5a2-1e6d17b825fc}</UniqueIdentifier>
    </Filter>
    <Filter Include="Base">
      <UniqueIdentifier>{0d813c91-43d4-46aa-aa6d-0a82f2edbce8}</UniqueIdentifier>
    </Filter>
    <Filter Include="Base\cpp">
      <UniqueIdentifier>{db1ad8de-ea43-4d59-aba4-994722cab7e9}</UniqueIdentifier>
    </Filter>
    <Filter Include="Base\h">
      <UniqueIdentifier>{3759ae37-863b-4678-b124-991726576c3e}</UniqueIdentifier>
    </Filter>
    <Filter Include="リソース ファイル\2D">
      <UniqueIdentifier>{738326a5-6c66-4482-ba2e-2b41570ecba4}</UniqueIdentifier>
    </Filter>
    <Filter Include="リソース ファイル\3D">
      <UniqueIdentifier>{68379a3f-f8dc-462c-8552-e40958c73ef3}</UniqueIdentifier>
    </Filter>
    <Filter Include="リソース ファイル\3D\Model">
      <UniqueIdentifier>{4d57a766-a49a-4651-938b-fd9406bcf692}</UniqueIdentifier>
    </Filter>
    <Filter Include="リソース ファイル\3D\Obj">
      <UniqueIdentifier>{dd283592-9d98-4cd5-b2c1-42a745732708}</UniqueIdentifier>
    </Filter>
    <Filter Include="ヘッダー ファイル\Map">
      <UniqueIdentifier>{42c6c4b9-70af-41ca-a630-a5341a324184}</UniqueIdentifier>
    </Filter>
    <Filter Include="ソース ファイル\Map">
      <UniqueIdentifier>{ae7ec1ee-7474-4e3d-8d04-26a9efa80fa7}</UniqueIdentifier>
    </Filter>
    <Filter Include="GameUtillity\cpp\Coll">
      <UniqueIdentifier>{4201b354-0d44-4179-ae4c-8822fa952f05}</UniqueIdentifier>
    </Filter>
    <Filter Include="GameUtillity\h\Coll">
      <UniqueIdentifier>{dce1e132-f56d-46b2-8ea2-68342585c3ae}</UniqueIdentifier>
    </Filter>
    <Filter Include="GameUtillity\cpp\2D">
      <UniqueIdentifier>{50de7e50-fe05-462e-84aa-de739fe093ad}</UniqueIdentifier>
    </Filter>
    <Filter Include="GameUtillity\cpp\3D">
      <UniqueIdentifier>{7aca9d5e-7ac0-4d93-99cb-63c2d4969b89}</UniqueIdentifier>
    </Filter>
    <Filter Include="GameUtillity\h\2D">
      <UniqueIdentifier>{11534553-d0ad-4edb-aa3f-d5ca6991c178}</UniqueIdentifier>
    </Filter>
    <Filter Include="GameUtillity\h\3D">
      <UniqueIdentifier>{6bbd0502-4e76-4954-9f19-02e148adb8d3}</UniqueIdentifier>
    </Filter>
    <Filter Include="GameUtillity\cpp\Transform">
      <UniqueIdentifier>{cf3a9cba-e088-4a26-b678-f16dfa120feb}</UniqueIdentifier>
    </Filter>
    <Filter Include="GameUtillity\h\Transform">
      <UniqueIdentifier>{c450ed98-6949-4a9e-ad02-8ab7cc93bbd1}</UniqueIdentifier>
    </Filter>
    <Filter Include="GameUtillity\h\Input">
      <UniqueIdentifier>{5bac67e6-678b-42c5-ad9b-2f875da4dbb2}</UniqueIdentifier>
    </Filter>
    <Filter Include="GameUtillity\cpp\Input">
      <UniqueIdentifier>{fc29209b-c5f9-4dbb-a60a-1244970783d5}</UniqueIdentifier>
    </Filter>
    <Filter Include="ヘッダー ファイル\Camera">
      <UniqueIdentifier>{f85a02b9-89c7-4239-9fe5-115e3d0319ff}</UniqueIdentifier>
    </Filter>
    <Filter Include="ソース ファイル\Camera">
      <UniqueIdentifier>{738382d3-7f50-4061-a88b-467bb996c3ac}</UniqueIdentifier>
    </Filter>
  </ItemGroup>
  <ItemGroup>
    <ClInclude Include="Def.h">
      <Filter>ヘッダー ファイル</Filter>
    </ClInclude>
    <ClInclude Include="Enemy.h">
      <Filter>ヘッダー ファイル</Filter>
    </ClInclude>
    <ClInclude Include="Player.h">
      <Filter>ヘッダー ファイル</Filter>
    </ClInclude>
    <ClInclude Include="Skydome.h">
      <Filter>ヘッダー ファイル</Filter>
    </ClInclude>
    <ClInclude Include="Math\YMath.h">
      <Filter>ヘッダー ファイル\Math</Filter>
    </ClInclude>
    <ClInclude Include="Math\Vec4.h">
      <Filter>ヘッダー ファイル\Math</Filter>
    </ClInclude>
    <ClInclude Include="Math\Vec3.h">
      <Filter>ヘッダー ファイル\Math</Filter>
    </ClInclude>
    <ClInclude Include="Math\Vec2.h">
      <Filter>ヘッダー ファイル\Math</Filter>
    </ClInclude>
    <ClInclude Include="Math\Timer.h">
      <Filter>ヘッダー ファイル\Math</Filter>
    </ClInclude>
    <ClInclude Include="Math\Power.h">
      <Filter>ヘッダー ファイル\Math</Filter>
    </ClInclude>
    <ClInclude Include="Math\Lerp.h">
      <Filter>ヘッダー ファイル\Math</Filter>
    </ClInclude>
    <ClInclude Include="Math\Shake.h">
      <Filter>ヘッダー ファイル\Math</Filter>
    </ClInclude>
    <ClInclude Include="Math\CalcTransform.h">
      <Filter>ヘッダー ファイル\Math</Filter>
    </ClInclude>
    <ClInclude Include="Math\Mat4.h">
      <Filter>ヘッダー ファイル\Math</Filter>
    </ClInclude>
    <ClInclude Include="Scene\SceneChangeFrame.h">
      <Filter>ヘッダー ファイル\Scene</Filter>
    </ClInclude>
    <ClInclude Include="Scene\SceneManager.h">
      <Filter>ヘッダー ファイル\Scene</Filter>
    </ClInclude>
    <ClInclude Include="Scene\Blackout.h">
      <Filter>ヘッダー ファイル\Scene</Filter>
    </ClInclude>
    <ClInclude Include="Game\AudioManager.h">
      <Filter>GameUtillity\h</Filter>
    </ClInclude>
    <ClInclude Include="Game\GameScene.h">
      <Filter>ヘッダー ファイル</Filter>
    </ClInclude>
    <ClInclude Include="Game\TextureManager.h">
      <Filter>GameUtillity\h</Filter>
    </ClInclude>
    <ClInclude Include="Base\DX\ConstBuffer.h">
      <Filter>Base\h</Filter>
    </ClInclude>
    <ClInclude Include="Base\DX\GPUResource.h">
      <Filter>Base\h</Filter>
    </ClInclude>
    <ClInclude Include="Base\DX\PipelineSet.h">
      <Filter>Base\h</Filter>
    </ClInclude>
    <ClInclude Include="Base\DX\RootParameterManager.h">
      <Filter>Base\h</Filter>
    </ClInclude>
    <ClInclude Include="Base\DX\ScreenDesc.h">
      <Filter>Base\h</Filter>
    </ClInclude>
    <ClInclude Include="Base\DX\ShaderSet.h">
      <Filter>Base\h</Filter>
    </ClInclude>
    <ClInclude Include="Base\DX\SRVHeap.h">
      <Filter>Base\h</Filter>
    </ClInclude>
    <ClInclude Include="Base\DX\Vertices.h">
      <Filter>Base\h</Filter>
    </ClInclude>
    <ClInclude Include="Base\DX\YAssert.h">
      <Filter>Base\h</Filter>
    </ClInclude>
    <ClInclude Include="Base\DX\YDirectX.h">
      <Filter>Base\h</Filter>
    </ClInclude>
    <ClInclude Include="Base\YWindowsApp.h">
      <Filter>Base\h</Filter>
    </ClInclude>
    <ClInclude Include="MapChip\MapChip.h">
      <Filter>ヘッダー ファイル\Map</Filter>
    </ClInclude>
    <ClInclude Include="MapChip\MapChipManager.h">
      <Filter>ヘッダー ファイル\Map</Filter>
    </ClInclude>
    <ClInclude Include="MapChip\MapChipCollider.h">
      <Filter>ヘッダー ファイル\Map</Filter>
    </ClInclude>
    <ClInclude Include="Collision\CollisionConfig.h">
      <Filter>GameUtillity\h\Coll</Filter>
    </ClInclude>
    <ClInclude Include="Collision\CollisionManager.h">
      <Filter>GameUtillity\h\Coll</Filter>
    </ClInclude>
    <ClInclude Include="Collision\Collider.h">
      <Filter>GameUtillity\h\Coll</Filter>
    </ClInclude>
    <ClInclude Include="Game\Material.h">
      <Filter>GameUtillity\h\3D</Filter>
    </ClInclude>
    <ClInclude Include="Game\Model.h">
      <Filter>GameUtillity\h\3D</Filter>
    </ClInclude>
    <ClInclude Include="Game\Sprite.h">
      <Filter>GameUtillity\h\2D</Filter>
    </ClInclude>
    <ClInclude Include="Game\ViewProjection.h">
      <Filter>GameUtillity\h\Transform</Filter>
    </ClInclude>
    <ClInclude Include="Game\Object.h">
      <Filter>GameUtillity\h\Transform</Filter>
    </ClInclude>
    <ClInclude Include="Input\InputManager.h">
      <Filter>GameUtillity\h\Input</Filter>
    </ClInclude>
    <ClInclude Include="Input\Keys.h">
      <Filter>GameUtillity\h\Input</Filter>
    </ClInclude>
    <ClInclude Include="Input\Mouse.h">
      <Filter>GameUtillity\h\Input</Filter>
    </ClInclude>
    <ClInclude Include="Input\Pad.h">
      <Filter>GameUtillity\h\Input</Filter>
    </ClInclude>
    <ClInclude Include="Camera\Camera.h">
      <Filter>ヘッダー ファイル\Camera</Filter>
    </ClInclude>
    <ClInclude Include="Camera\CameraManager.h">
      <Filter>ヘッダー ファイル\Camera</Filter>
    </ClInclude>
  </ItemGroup>
  <ItemGroup>
    <ClCompile Include="Enemy.cpp">
      <Filter>ソース ファイル</Filter>
    </ClCompile>
    <ClCompile Include="main.cpp">
      <Filter>ソース ファイル</Filter>
    </ClCompile>
    <ClCompile Include="Player.cpp">
      <Filter>ソース ファイル</Filter>
    </ClCompile>
    <ClCompile Include="Skydome.cpp">
      <Filter>ソース ファイル</Filter>
    </ClCompile>
    <ClCompile Include="Math\Vec2.cpp">
      <Filter>ソース ファイル\Math</Filter>
    </ClCompile>
    <ClCompile Include="Math\Vec3.cpp">
      <Filter>ソース ファイル\Math</Filter>
    </ClCompile>
    <ClCompile Include="Math\Vec4.cpp">
      <Filter>ソース ファイル\Math</Filter>
    </ClCompile>
    <ClCompile Include="Math\YMath.cpp">
      <Filter>ソース ファイル\Math</Filter>
    </ClCompile>
    <ClCompile Include="Math\Timer.cpp">
      <Filter>ソース ファイル\Math</Filter>
    </ClCompile>
    <ClCompile Include="Math\Power.cpp">
      <Filter>ソース ファイル\Math</Filter>
    </ClCompile>
    <ClCompile Include="Math\Lerp.cpp">
      <Filter>ソース ファイル\Math</Filter>
    </ClCompile>
    <ClCompile Include="Math\Shake.cpp">
      <Filter>ソース ファイル\Math</Filter>
    </ClCompile>
    <ClCompile Include="Math\CalcTransform.cpp">
      <Filter>ソース ファイル\Math</Filter>
    </ClCompile>
    <ClCompile Include="Math\Mat4.cpp">
      <Filter>ソース ファイル\Math</Filter>
    </ClCompile>
    <ClCompile Include="Scene\SceneManager.cpp">
      <Filter>ソース ファイル\Scene</Filter>
    </ClCompile>
    <ClCompile Include="Scene\Blackout.cpp">
      <Filter>ソース ファイル\Scene</Filter>
    </ClCompile>
    <ClCompile Include="Game\GameScene.cpp">
      <Filter>ソース ファイル</Filter>
    </ClCompile>
    <ClCompile Include="Game\AudioManager.cpp">
      <Filter>GameUtillity\cpp</Filter>
    </ClCompile>
    <ClCompile Include="Game\TextureManager.cpp">
      <Filter>GameUtillity\cpp</Filter>
    </ClCompile>
    <ClCompile Include="Base\DX\ConstBuffer.cpp">
      <Filter>Base\cpp</Filter>
    </ClCompile>
    <ClCompile Include="Base\DX\GPUResource.cpp">
      <Filter>Base\cpp</Filter>
    </ClCompile>
    <ClCompile Include="Base\DX\PipelineSet.cpp">
      <Filter>Base\cpp</Filter>
    </ClCompile>
    <ClCompile Include="Base\DX\ShaderSet.cpp">
      <Filter>Base\cpp</Filter>
    </ClCompile>
    <ClCompile Include="Base\DX\RootParameterManager.cpp">
      <Filter>Base\cpp</Filter>
    </ClCompile>
    <ClCompile Include="Base\DX\ScreenDesc.cpp">
      <Filter>Base\cpp</Filter>
    </ClCompile>
    <ClCompile Include="Base\DX\SRVHeap.cpp">
      <Filter>Base\cpp</Filter>
    </ClCompile>
    <ClCompile Include="Base\DX\Vertices.cpp">
      <Filter>Base\cpp</Filter>
    </ClCompile>
    <ClCompile Include="Base\DX\YAssert.cpp">
      <Filter>Base\cpp</Filter>
    </ClCompile>
    <ClCompile Include="Base\DX\YDirectX.cpp">
      <Filter>Base\cpp</Filter>
    </ClCompile>
    <ClCompile Include="Base\YWindowsApp.cpp">
      <Filter>Base\cpp</Filter>
    </ClCompile>
    <ClCompile Include="MapChip\MapChip.cpp">
      <Filter>ソース ファイル\Map</Filter>
    </ClCompile>
    <ClCompile Include="MapChip\MapChipCollider.cpp">
      <Filter>ソース ファイル\Map</Filter>
    </ClCompile>
    <ClCompile Include="MapChip\MapChipManager.cpp">
      <Filter>ソース ファイル\Map</Filter>
    </ClCompile>
    <ClCompile Include="Collision\CollisionManager.cpp">
      <Filter>GameUtillity\cpp\Coll</Filter>
    </ClCompile>
    <ClCompile Include="Collision\Collider.cpp">
      <Filter>GameUtillity\cpp\Coll</Filter>
    </ClCompile>
    <ClCompile Include="Game\Sprite.cpp">
      <Filter>GameUtillity\cpp\2D</Filter>
    </ClCompile>
    <ClCompile Include="Game\Model.cpp">
      <Filter>GameUtillity\cpp\3D</Filter>
    </ClCompile>
    <ClCompile Include="Game\Material.cpp">
      <Filter>GameUtillity\cpp\3D</Filter>
    </ClCompile>
    <ClCompile Include="Game\Object.cpp">
      <Filter>GameUtillity\cpp\Transform</Filter>
    </ClCompile>
    <ClCompile Include="Game\ViewProjection.cpp">
      <Filter>GameUtillity\cpp\Transform</Filter>
    </ClCompile>
    <ClCompile Include="Input\InputManager.cpp">
      <Filter>GameUtillity\cpp\Input</Filter>
    </ClCompile>
    <ClCompile Include="Input\Keys.cpp">
      <Filter>GameUtillity\cpp\Input</Filter>
    </ClCompile>
    <ClCompile Include="Input\Mouse.cpp">
      <Filter>GameUtillity\cpp\Input</Filter>
    </ClCompile>
    <ClCompile Include="Input\Pad.cpp">
      <Filter>GameUtillity\cpp\Input</Filter>
    </ClCompile>
    <ClCompile Include="Camera\Camera.cpp">
      <Filter>ソース ファイル\Camera</Filter>
    </ClCompile>
    <ClCompile Include="Camera\CameraManager.cpp">
      <Filter>ソース ファイル\Camera</Filter>
    </ClCompile>
  </ItemGroup>
  <ItemGroup>
    <None Include="Resources\Shaders\Model.hlsli">
      <Filter>リソース ファイル\3D\Model</Filter>
    </None>
    <None Include="Resources\Shaders\Obj.hlsli">
      <Filter>リソース ファイル\3D\Obj</Filter>
    </None>
    <None Include="Resources\Shaders\Sprite.hlsli">
      <Filter>リソース ファイル\2D</Filter>
    </None>
  </ItemGroup>
  <ItemGroup>
    <FxCompile Include="Resources\Shaders\ModelPS.hlsl">
      <Filter>リソース ファイル\3D\Model</Filter>
    </FxCompile>
    <FxCompile Include="Resources\Shaders\ModelVS.hlsl">
      <Filter>リソース ファイル\3D\Model</Filter>
    </FxCompile>
    <FxCompile Include="Resources\Shaders\ObjPS.hlsl">
      <Filter>リソース ファイル\3D\Obj</Filter>
    </FxCompile>
    <FxCompile Include="Resources\Shaders\ObjVS.hlsl">
      <Filter>リソース ファイル\3D\Obj</Filter>
    </FxCompile>
    <FxCompile Include="Resources\Shaders\SpritePS.hlsl">
      <Filter>リソース ファイル\2D</Filter>
    </FxCompile>
    <FxCompile Include="Resources\Shaders\SpriteVS.hlsl">
      <Filter>リソース ファイル\2D</Filter>
    </FxCompile>
  </ItemGroup>
</Project>