<?xml version="1.0" encoding="utf-8"?>
<Project ToolsVersion="4.0" xmlns="http://schemas.microsoft.com/developer/msbuild/2003">
  <ItemGroup>
    <Filter Include="ソース ファイル">
      <UniqueIdentifier>{4FC737F1-C7A5-4376-A066-2A32D752A2FF}</UniqueIdentifier>
      <Extensions>cpp;c;cc;cxx;c++;cppm;ixx;def;odl;idl;hpj;bat;asm;asmx</Extensions>
    </Filter>
    <Filter Include="ヘッダー ファイル">
      <UniqueIdentifier>{93995380-89BD-4b04-88EB-625FBE52EBFB}</UniqueIdentifier>
      <Extensions>h;hh;hpp;hxx;h++;hm;inl;inc;ipp;xsd</Extensions>
    </Filter>
    <Filter Include="リソース ファイル">
      <UniqueIdentifier>{67DA6AB6-F800-4c08-8B7A-83BB121AAD01}</UniqueIdentifier>
      <Extensions>rc;ico;cur;bmp;dlg;rc2;rct;bin;rgs;gif;jpg;jpeg;jpe;resx;tiff;tif;png;wav;mfcribbon-ms</Extensions>
    </Filter>
    <Filter Include="ソース ファイル\Math">
      <UniqueIdentifier>{f0c42a62-79b9-4f7b-a9c1-db9e1e0c8608}</UniqueIdentifier>
    </Filter>
    <Filter Include="ヘッダー ファイル\Math">
      <UniqueIdentifier>{e016803d-185b-4297-982c-7e61a623ba46}</UniqueIdentifier>
    </Filter>
    <Filter Include="ソース ファイル\Input">
      <UniqueIdentifier>{f9203855-1a0b-44c0-b526-b1198088579f}</UniqueIdentifier>
    </Filter>
    <Filter Include="ヘッダー ファイル\Input">
      <UniqueIdentifier>{8fd8926a-1e99-4c30-9f7e-eb613ad3dd46}</UniqueIdentifier>
    </Filter>
    <Filter Include="ソース ファイル\DX">
      <UniqueIdentifier>{cf61c81e-fe93-4eff-b20a-8f0e9b9f0c56}</UniqueIdentifier>
    </Filter>
    <Filter Include="ヘッダー ファイル\DX">
      <UniqueIdentifier>{fe033482-bbfd-44fa-9bbb-4b80e96992ac}</UniqueIdentifier>
    </Filter>
    <Filter Include="ソース ファイル\DX\初期化">
      <UniqueIdentifier>{b6cdd42a-ed1a-425a-90bd-f375fc74d646}</UniqueIdentifier>
    </Filter>
    <Filter Include="ヘッダー ファイル\DX\初期化">
      <UniqueIdentifier>{d44ec9ac-8d60-44c8-86d4-ea9c0558d76e}</UniqueIdentifier>
    </Filter>
    <Filter Include="ソース ファイル\DX\描画">
      <UniqueIdentifier>{bc3444f9-5b85-44e3-90df-518f912fca40}</UniqueIdentifier>
    </Filter>
    <Filter Include="ヘッダー ファイル\DX\描画">
      <UniqueIdentifier>{39679ecf-d604-4a86-a3f4-7bab0e2b0785}</UniqueIdentifier>
    </Filter>
    <Filter Include="リソース ファイル\Model用">
      <UniqueIdentifier>{d01d2884-6688-4003-b438-eba874cef5f0}</UniqueIdentifier>
    </Filter>
    <Filter Include="リソース ファイル\Sprite用">
      <UniqueIdentifier>{624c73ed-8d9c-41b8-b975-672f5fd10eee}</UniqueIdentifier>
    </Filter>
    <Filter Include="ソース ファイル\DX\GPUリソース">
      <UniqueIdentifier>{f7b595c0-8e33-41c9-844d-466d83f54ddb}</UniqueIdentifier>
    </Filter>
    <Filter Include="ヘッダー ファイル\DX\GPUリソース">
      <UniqueIdentifier>{177db288-a7b3-4420-a537-8f855cdb9e03}</UniqueIdentifier>
    </Filter>
    <Filter Include="ソース ファイル\DX\Utility">
      <UniqueIdentifier>{99f61fb2-4073-4436-8ba7-2da1bc9ca80d}</UniqueIdentifier>
    </Filter>
    <Filter Include="ヘッダー ファイル\DX\Utility">
      <UniqueIdentifier>{7b7ca9c1-f587-4e23-a642-cb5c66475ecd}</UniqueIdentifier>
    </Filter>
    <Filter Include="ソース ファイル\Obj">
      <UniqueIdentifier>{70ef4f10-5248-43b8-8f32-d54e52384a92}</UniqueIdentifier>
    </Filter>
    <Filter Include="ソース ファイル\Obj\行列">
      <UniqueIdentifier>{f6b1568e-9b32-4362-92f5-805a9d1ac323}</UniqueIdentifier>
    </Filter>
    <Filter Include="ソース ファイル\Obj\3D">
      <UniqueIdentifier>{d749b602-2381-48a7-9d5b-cfa8e287d74a}</UniqueIdentifier>
    </Filter>
    <Filter Include="ソース ファイル\Obj\2D">
      <UniqueIdentifier>{c75573f8-1992-4da4-9fd3-b6fce37cd72d}</UniqueIdentifier>
    </Filter>
    <Filter Include="ヘッダー ファイル\Obj">
      <UniqueIdentifier>{0d517c4a-f2b2-408c-ba6a-a1e7460e84b7}</UniqueIdentifier>
    </Filter>
    <Filter Include="ヘッダー ファイル\Obj\行列">
      <UniqueIdentifier>{8ce4dc27-d9c2-437a-8ffc-f6ff5d19a7ed}</UniqueIdentifier>
    </Filter>
    <Filter Include="ヘッダー ファイル\Obj\2D">
      <UniqueIdentifier>{87ef38d8-71bf-4028-9e72-c1ecd293c16a}</UniqueIdentifier>
    </Filter>
    <Filter Include="ヘッダー ファイル\Obj\3D">
      <UniqueIdentifier>{18521754-9bea-4403-862a-3aa0ceef9da8}</UniqueIdentifier>
    </Filter>
  </ItemGroup>
  <ItemGroup>
    <ClCompile Include="main.cpp">
      <Filter>ソース ファイル</Filter>
    </ClCompile>
    <ClCompile Include="YWindows.cpp">
      <Filter>ソース ファイル</Filter>
    </ClCompile>
    <ClCompile Include="DX\GPUResource\ConstBuffer.cpp">
      <Filter>ソース ファイル\DX\GPUリソース</Filter>
    </ClCompile>
    <ClCompile Include="DX\GPUResource\ConstBufferManager.cpp">
      <Filter>ソース ファイル\DX\GPUリソース</Filter>
    </ClCompile>
    <ClCompile Include="DX\GPUResource\TextureManager.cpp">
      <Filter>ソース ファイル\DX\GPUリソース</Filter>
    </ClCompile>
    <ClCompile Include="DX\GPUResource\VertexIndex.cpp">
      <Filter>ソース ファイル\DX\GPUリソース</Filter>
    </ClCompile>
    <ClCompile Include="DX\GPUResource\Vertices.cpp">
      <Filter>ソース ファイル\DX\GPUリソース</Filter>
    </ClCompile>
    <ClCompile Include="DX\GPUResource\Vertices2D.cpp">
      <Filter>ソース ファイル\DX\GPUリソース</Filter>
    </ClCompile>
    <ClCompile Include="DX\GPUResource\Vertices3D.cpp">
      <Filter>ソース ファイル\DX\GPUリソース</Filter>
    </ClCompile>
    <ClCompile Include="DX\Utility\DescriptorHeap.cpp">
      <Filter>ソース ファイル\DX\Utility</Filter>
    </ClCompile>
    <ClCompile Include="DX\Utility\Resource.cpp">
      <Filter>ソース ファイル\DX\Utility</Filter>
    </ClCompile>
    <ClCompile Include="DX\Utility\Result.cpp">
      <Filter>ソース ファイル\DX\Utility</Filter>
    </ClCompile>
    <ClCompile Include="Math\Calc.cpp">
      <Filter>ソース ファイル\Math</Filter>
    </ClCompile>
    <ClCompile Include="Math\Ease.cpp">
      <Filter>ソース ファイル\Math</Filter>
    </ClCompile>
    <ClCompile Include="Math\Mat4.cpp">
      <Filter>ソース ファイル\Math</Filter>
    </ClCompile>
    <ClCompile Include="Math\Random.cpp">
      <Filter>ソース ファイル\Math</Filter>
    </ClCompile>
    <ClCompile Include="Math\Timer.cpp">
      <Filter>ソース ファイル\Math</Filter>
    </ClCompile>
    <ClCompile Include="Math\Vec2.cpp">
      <Filter>ソース ファイル\Math</Filter>
    </ClCompile>
    <ClCompile Include="Math\Vec3.cpp">
      <Filter>ソース ファイル\Math</Filter>
    </ClCompile>
    <ClCompile Include="Math\Vec4.cpp">
      <Filter>ソース ファイル\Math</Filter>
    </ClCompile>
    <ClCompile Include="Math\Shake.cpp">
      <Filter>ソース ファイル\Math</Filter>
    </ClCompile>
    <ClCompile Include="Input\InputManager.cpp">
      <Filter>ソース ファイル\Input</Filter>
    </ClCompile>
    <ClCompile Include="Input\Keys.cpp">
      <Filter>ソース ファイル\Input</Filter>
    </ClCompile>
    <ClCompile Include="Input\Mouse.cpp">
      <Filter>ソース ファイル\Input</Filter>
    </ClCompile>
    <ClCompile Include="DX\Adapter.cpp">
      <Filter>ソース ファイル\DX\初期化</Filter>
    </ClCompile>
    <ClCompile Include="DX\CommandList.cpp">
      <Filter>ソース ファイル\DX\初期化</Filter>
    </ClCompile>
    <ClCompile Include="DX\CommandQueue.cpp">
      <Filter>ソース ファイル\DX\初期化</Filter>
    </ClCompile>
    <ClCompile Include="DX\DebugLayer.cpp">
      <Filter>ソース ファイル\DX\初期化</Filter>
    </ClCompile>
    <ClCompile Include="DX\DepthStencilView.cpp">
      <Filter>ソース ファイル\DX\初期化</Filter>
    </ClCompile>
    <ClCompile Include="DX\Device.cpp">
      <Filter>ソース ファイル\DX\初期化</Filter>
    </ClCompile>
    <ClCompile Include="DX\Fence.cpp">
      <Filter>ソース ファイル\DX\初期化</Filter>
    </ClCompile>
    <ClCompile Include="DX\RenderTargetView.cpp">
      <Filter>ソース ファイル\DX\初期化</Filter>
    </ClCompile>
    <ClCompile Include="DX\ResourceBarrier.cpp">
      <Filter>ソース ファイル\DX\初期化</Filter>
    </ClCompile>
    <ClCompile Include="DX\SwapChain.cpp">
      <Filter>ソース ファイル\DX\初期化</Filter>
    </ClCompile>
    <ClCompile Include="DX\YDirectX.cpp">
      <Filter>ソース ファイル\DX</Filter>
    </ClCompile>
    <ClCompile Include="DX\Viewport.cpp">
      <Filter>ソース ファイル\DX\描画</Filter>
    </ClCompile>
    <ClCompile Include="DX\VertexLayoutManager.cpp">
      <Filter>ソース ファイル\DX\描画</Filter>
    </ClCompile>
    <ClCompile Include="DX\ShaderResourceView.cpp">
      <Filter>ソース ファイル\DX\描画</Filter>
    </ClCompile>
    <ClCompile Include="DX\ShaderSet.cpp">
      <Filter>ソース ファイル\DX\描画</Filter>
    </ClCompile>
    <ClCompile Include="DX\ScissorRect.cpp">
      <Filter>ソース ファイル\DX\描画</Filter>
    </ClCompile>
    <ClCompile Include="DX\SampleDescManager.cpp">
      <Filter>ソース ファイル\DX\描画</Filter>
    </ClCompile>
    <ClCompile Include="DX\RootSignature.cpp">
      <Filter>ソース ファイル\DX\描画</Filter>
    </ClCompile>
    <ClCompile Include="DX\RootParameterManager.cpp">
      <Filter>ソース ファイル\DX\描画</Filter>
    </ClCompile>
    <ClCompile Include="DX\PipelineState.cpp">
      <Filter>ソース ファイル\DX\描画</Filter>
    </ClCompile>
    <ClCompile Include="DX\PipelineSet.cpp">
      <Filter>ソース ファイル\DX\描画</Filter>
    </ClCompile>
    <ClCompile Include="DX\ScreenDesc.cpp">
      <Filter>ソース ファイル\DX\描画</Filter>
    </ClCompile>
    <ClCompile Include="Object\Sprite.cpp">
      <Filter>ソース ファイル\Obj\2D</Filter>
    </ClCompile>
    <ClCompile Include="Object\Model.cpp">
      <Filter>ソース ファイル\Obj\3D</Filter>
    </ClCompile>
    <ClCompile Include="Object\Ray.cpp">
      <Filter>ソース ファイル\Obj\3D</Filter>
    </ClCompile>
    <ClCompile Include="Object\MatProjection.cpp">
      <Filter>ソース ファイル\Obj\行列</Filter>
    </ClCompile>
    <ClCompile Include="Object\MatView.cpp">
      <Filter>ソース ファイル\Obj\行列</Filter>
    </ClCompile>
    <ClCompile Include="Object\MatViewProjection.cpp">
      <Filter>ソース ファイル\Obj\行列</Filter>
    </ClCompile>
    <ClCompile Include="Object\MatWorld.cpp">
      <Filter>ソース ファイル\Obj\行列</Filter>
    </ClCompile>
    <ClCompile Include="Object\Transform.cpp">
      <Filter>ソース ファイル\Obj</Filter>
    </ClCompile>
    <ClCompile Include="Game.cpp">
      <Filter>ソース ファイル</Filter>
    </ClCompile>
  </ItemGroup>
  <ItemGroup>
    <ClInclude Include="YWindows.h">
      <Filter>ヘッダー ファイル</Filter>
    </ClInclude>
    <ClInclude Include="Math\Calc.h">
      <Filter>ヘッダー ファイル\Math</Filter>
    </ClInclude>
    <ClInclude Include="Math\Ease.h">
      <Filter>ヘッダー ファイル\Math</Filter>
    </ClInclude>
    <ClInclude Include="Math\Mat4.h">
      <Filter>ヘッダー ファイル\Math</Filter>
    </ClInclude>
    <ClInclude Include="Math\Random.h">
      <Filter>ヘッダー ファイル\Math</Filter>
    </ClInclude>
    <ClInclude Include="Math\Vec2.h">
      <Filter>ヘッダー ファイル\Math</Filter>
    </ClInclude>
    <ClInclude Include="Math\Vec3.h">
      <Filter>ヘッダー ファイル\Math</Filter>
    </ClInclude>
    <ClInclude Include="Math\Vec4.h">
      <Filter>ヘッダー ファイル\Math</Filter>
    </ClInclude>
    <ClInclude Include="Math\Timer.h">
      <Filter>ヘッダー ファイル\Math</Filter>
    </ClInclude>
    <ClInclude Include="DX\GPUResource\ConstBuffer.h">
      <Filter>ヘッダー ファイル\DX\GPUリソース</Filter>
    </ClInclude>
    <ClInclude Include="DX\GPUResource\ConstBufferManager.h">
      <Filter>ヘッダー ファイル\DX\GPUリソース</Filter>
    </ClInclude>
    <ClInclude Include="DX\GPUResource\TextureManager.h">
      <Filter>ヘッダー ファイル\DX\GPUリソース</Filter>
    </ClInclude>
    <ClInclude Include="DX\GPUResource\VertexIndex.h">
      <Filter>ヘッダー ファイル\DX\GPUリソース</Filter>
    </ClInclude>
    <ClInclude Include="DX\GPUResource\Vertices.h">
      <Filter>ヘッダー ファイル\DX\GPUリソース</Filter>
    </ClInclude>
    <ClInclude Include="DX\GPUResource\Vertices2D.h">
      <Filter>ヘッダー ファイル\DX\GPUリソース</Filter>
    </ClInclude>
    <ClInclude Include="DX\GPUResource\Vertices3D.h">
      <Filter>ヘッダー ファイル\DX\GPUリソース</Filter>
    </ClInclude>
    <ClInclude Include="DX\Utility\DescriptorHeap.h">
      <Filter>ヘッダー ファイル\DX\Utility</Filter>
    </ClInclude>
    <ClInclude Include="DX\Utility\Resource.h">
      <Filter>ヘッダー ファイル\DX\Utility</Filter>
    </ClInclude>
    <ClInclude Include="DX\Utility\ResourceInfo.h">
      <Filter>ヘッダー ファイル\DX\Utility</Filter>
    </ClInclude>
    <ClInclude Include="DX\Utility\Result.h">
      <Filter>ヘッダー ファイル\DX\Utility</Filter>
    </ClInclude>
    <ClInclude Include="Math\Shake.h">
      <Filter>ヘッダー ファイル\Math</Filter>
    </ClInclude>
    <ClInclude Include="Input\InputManager.h">
      <Filter>ヘッダー ファイル\Input</Filter>
    </ClInclude>
    <ClInclude Include="Input\Keys.h">
      <Filter>ヘッダー ファイル\Input</Filter>
    </ClInclude>
    <ClInclude Include="Input\Mouse.h">
      <Filter>ヘッダー ファイル\Input</Filter>
    </ClInclude>
    <ClInclude Include="DX\Adapter.h">
      <Filter>ヘッダー ファイル\DX\初期化</Filter>
    </ClInclude>
    <ClInclude Include="DX\CommandList.h">
      <Filter>ヘッダー ファイル\DX\初期化</Filter>
    </ClInclude>
    <ClInclude Include="DX\CommandQueue.h">
      <Filter>ヘッダー ファイル\DX\初期化</Filter>
    </ClInclude>
    <ClInclude Include="DX\DebugLayer.h">
      <Filter>ヘッダー ファイル\DX\初期化</Filter>
    </ClInclude>
    <ClInclude Include="DX\DepthStencilView.h">
      <Filter>ヘッダー ファイル\DX\初期化</Filter>
    </ClInclude>
    <ClInclude Include="DX\Device.h">
      <Filter>ヘッダー ファイル\DX\初期化</Filter>
    </ClInclude>
    <ClInclude Include="DX\Fence.h">
      <Filter>ヘッダー ファイル\DX\初期化</Filter>
    </ClInclude>
    <ClInclude Include="DX\RenderTargetView.h">
      <Filter>ヘッダー ファイル\DX\初期化</Filter>
    </ClInclude>
    <ClInclude Include="DX\ResourceBarrier.h">
      <Filter>ヘッダー ファイル\DX\初期化</Filter>
    </ClInclude>
    <ClInclude Include="DX\SwapChain.h">
      <Filter>ヘッダー ファイル\DX\初期化</Filter>
    </ClInclude>
    <ClInclude Include="DX\YDirectX.h">
      <Filter>ヘッダー ファイル\DX</Filter>
    </ClInclude>
    <ClInclude Include="DX\Viewport.h">
      <Filter>ヘッダー ファイル\DX\描画</Filter>
    </ClInclude>
    <ClInclude Include="DX\VertexLayoutManager.h">
      <Filter>ヘッダー ファイル\DX\描画</Filter>
    </ClInclude>
    <ClInclude Include="DX\ShaderResourceView.h">
      <Filter>ヘッダー ファイル\DX\描画</Filter>
    </ClInclude>
    <ClInclude Include="DX\ShaderSet.h">
      <Filter>ヘッダー ファイル\DX\描画</Filter>
    </ClInclude>
    <ClInclude Include="DX\ScissorRect.h">
      <Filter>ヘッダー ファイル\DX\描画</Filter>
    </ClInclude>
    <ClInclude Include="DX\SampleDescManager.h">
      <Filter>ヘッダー ファイル\DX\描画</Filter>
    </ClInclude>
    <ClInclude Include="DX\RootSignature.h">
      <Filter>ヘッダー ファイル\DX\描画</Filter>
    </ClInclude>
    <ClInclude Include="DX\RootParameterManager.h">
      <Filter>ヘッダー ファイル\DX\描画</Filter>
    </ClInclude>
    <ClInclude Include="DX\PipelineState.h">
      <Filter>ヘッダー ファイル\DX\描画</Filter>
    </ClInclude>
    <ClInclude Include="DX\PipelineSet.h">
      <Filter>ヘッダー ファイル\DX\描画</Filter>
    </ClInclude>
    <ClInclude Include="DX\ScreenDesc.h">
      <Filter>ヘッダー ファイル\DX\描画</Filter>
    </ClInclude>
    <ClInclude Include="Object\Sprite.h">
      <Filter>ヘッダー ファイル\Obj\2D</Filter>
    </ClInclude>
    <ClInclude Include="Object\Model.h">
      <Filter>ヘッダー ファイル\Obj\3D</Filter>
    </ClInclude>
    <ClInclude Include="Object\Ray.h">
      <Filter>ヘッダー ファイル\Obj\3D</Filter>
    </ClInclude>
    <ClInclude Include="Object\MatProjection.h">
      <Filter>ヘッダー ファイル\Obj\行列</Filter>
    </ClInclude>
    <ClInclude Include="Object\MatView.h">
      <Filter>ヘッダー ファイル\Obj\行列</Filter>
    </ClInclude>
    <ClInclude Include="Object\MatViewProjection.h">
      <Filter>ヘッダー ファイル\Obj\行列</Filter>
    </ClInclude>
    <ClInclude Include="Object\MatWorld.h">
      <Filter>ヘッダー ファイル\Obj\行列</Filter>
    </ClInclude>
    <ClInclude Include="Object\Transform.h">
      <Filter>ヘッダー ファイル\Obj</Filter>
    </ClInclude>
    <ClInclude Include="Def.h">
      <Filter>ヘッダー ファイル</Filter>
    </ClInclude>
    <ClInclude Include="Game.h">
      <Filter>ヘッダー ファイル</Filter>
    </ClInclude>
  </ItemGroup>
  <ItemGroup>
    <None Include="Resources\Shaders\Model.hlsli">
      <Filter>リソース ファイル\Model用</Filter>
    </None>
    <None Include="Resources\Shaders\Sprite.hlsli">
      <Filter>リソース ファイル\Sprite用</Filter>
    </None>
  </ItemGroup>
  <ItemGroup>
    <FxCompile Include="Resources\Shaders\ModelPS.hlsl">
      <Filter>リソース ファイル\Model用</Filter>
    </FxCompile>
    <FxCompile Include="Resources\Shaders\SpritePS.hlsl">
      <Filter>リソース ファイル\Sprite用</Filter>
    </FxCompile>
    <FxCompile Include="Resources\Shaders\ModelVS.hlsl">
      <Filter>リソース ファイル\Model用</Filter>
    </FxCompile>
    <FxCompile Include="Resources\Shaders\SpriteVS.hlsl">
      <Filter>リソース ファイル\Sprite用</Filter>
    </FxCompile>
  </ItemGroup>
</Project>