<?xml version="1.0" encoding="utf-8"?>
<Project ToolsVersion="4.0" xmlns="http://schemas.microsoft.com/developer/msbuild/2003">
  <ItemGroup>
    <Filter Include="ソース ファイル">
      <UniqueIdentifier>{4FC737F1-C7A5-4376-A066-2A32D752A2FF}</UniqueIdentifier>
      <Extensions>cpp;c;cc;cxx;c++;cppm;ixx;def;odl;idl;hpj;bat;asm;asmx</Extensions>
    </Filter>
    <Filter Include="ヘッダー ファイル">
      <UniqueIdentifier>{93995380-89BD-4b04-88EB-625FBE52EBFB}</UniqueIdentifier>
      <Extensions>h;hh;hpp;hxx;h++;hm;inl;inc;ipp;xsd</Extensions>
    </Filter>
    <Filter Include="リソース ファイル">
      <UniqueIdentifier>{67DA6AB6-F800-4c08-8B7A-83BB121AAD01}</UniqueIdentifier>
      <Extensions>rc;ico;cur;bmp;dlg;rc2;rct;bin;rgs;gif;jpg;jpeg;jpe;resx;tiff;tif;png;wav;mfcribbon-ms</Extensions>
    </Filter>
    <Filter Include="Engine">
      <UniqueIdentifier>{521d2e93-97a0-43c3-ba96-75f226b690a0}</UniqueIdentifier>
    </Filter>
    <Filter Include="Engine\Base">
      <UniqueIdentifier>{6fc17274-b719-44d8-b216-183b62662b65}</UniqueIdentifier>
    </Filter>
    <Filter Include="Engine\Base\Pipeline">
      <UniqueIdentifier>{89934d87-8bc8-47af-83e5-3e8d9ae60371}</UniqueIdentifier>
    </Filter>
    <Filter Include="Engine\Base\Scene">
      <UniqueIdentifier>{02e53534-aff6-40d9-afb7-e0c7fbe2b6dc}</UniqueIdentifier>
    </Filter>
    <Filter Include="Engine\Base\Scene\Scene">
      <UniqueIdentifier>{169d0d67-856e-4805-b382-f887e2a019cf}</UniqueIdentifier>
    </Filter>
    <Filter Include="Engine\Base\Scene\Transition">
      <UniqueIdentifier>{766ced8c-91a2-411f-8162-71e882cddebd}</UniqueIdentifier>
    </Filter>
    <Filter Include="Engine\Util">
      <UniqueIdentifier>{e000b535-5e4e-4e45-8e58-9647219b4024}</UniqueIdentifier>
    </Filter>
    <Filter Include="Engine\Util\Math">
      <UniqueIdentifier>{43e0847a-18d1-411d-9863-494272266e3d}</UniqueIdentifier>
    </Filter>
    <Filter Include="Engine\Util\Math\Lerp">
      <UniqueIdentifier>{f0d15b5d-48fe-4c37-a5f1-f26e36225ba6}</UniqueIdentifier>
    </Filter>
    <Filter Include="Engine\Util\Input">
      <UniqueIdentifier>{0bbdaf41-ecc7-489c-9bbc-501104d2c980}</UniqueIdentifier>
    </Filter>
    <Filter Include="Application">
      <UniqueIdentifier>{92c9eee6-dd9e-4330-85f9-5f7abf191983}</UniqueIdentifier>
    </Filter>
    <Filter Include="Application\Scene">
      <UniqueIdentifier>{56f1def0-416e-47a5-b6db-c489d6b9ec09}</UniqueIdentifier>
    </Filter>
    <Filter Include="Application\Transition">
      <UniqueIdentifier>{0c2cfd96-bab2-4c1d-9711-4e70706ef3fa}</UniqueIdentifier>
    </Filter>
    <Filter Include="Application\Draw">
      <UniqueIdentifier>{8e740d28-a916-405c-ae72-40cd8fc7ce13}</UniqueIdentifier>
    </Filter>
    <Filter Include="Application\Draw\Actor">
      <UniqueIdentifier>{b51d8279-eace-408e-9cac-424fbc6b1cab}</UniqueIdentifier>
    </Filter>
    <Filter Include="Engine\Util\DebugText">
      <UniqueIdentifier>{d17d5504-a51c-4494-83e9-8e8fbb6621aa}</UniqueIdentifier>
    </Filter>
    <Filter Include="Engine\Game">
      <UniqueIdentifier>{b7e1ea2a-a1ae-47a4-8e59-6798e60a7a6a}</UniqueIdentifier>
    </Filter>
    <Filter Include="Engine\Game\Camera">
      <UniqueIdentifier>{2efd8218-5be8-4f58-a619-d3d296efd583}</UniqueIdentifier>
    </Filter>
    <Filter Include="Engine\Game\MapChip">
      <UniqueIdentifier>{18d033b2-cb29-495e-ae8b-c1bf43090687}</UniqueIdentifier>
    </Filter>
    <Filter Include="Engine\Game\Object">
      <UniqueIdentifier>{5b49a32d-655f-4aff-bad9-1d276da48a06}</UniqueIdentifier>
    </Filter>
    <Filter Include="Engine\Game\Object\Sprite2D">
      <UniqueIdentifier>{6309ffa5-f8a7-4326-9a6f-ea113275b030}</UniqueIdentifier>
    </Filter>
    <Filter Include="Engine\Game\Object\Sprite3D">
      <UniqueIdentifier>{15c54766-27c2-46a3-a4b7-5cc62ba23541}</UniqueIdentifier>
    </Filter>
    <Filter Include="Engine\Game\Object\Model">
      <UniqueIdentifier>{03f42933-aa46-467b-a0f7-90d19eff6fb2}</UniqueIdentifier>
    </Filter>
    <Filter Include="Engine\Game\Object\PostEffect">
      <UniqueIdentifier>{75758752-3e56-4f67-ab35-0c4a6cacdaeb}</UniqueIdentifier>
    </Filter>
    <Filter Include="Engine\Game\Object\CB">
      <UniqueIdentifier>{287384b7-4132-48a0-9c3d-1484b963bd21}</UniqueIdentifier>
    </Filter>
    <Filter Include="Engine\Game\Object\CB\Light">
      <UniqueIdentifier>{156675cc-1163-4432-9d0a-c044b2e202ee}</UniqueIdentifier>
    </Filter>
    <Filter Include="Engine\Game\Shader">
      <UniqueIdentifier>{d74e1238-5f57-4c80-9919-fe324f5700dc}</UniqueIdentifier>
    </Filter>
    <Filter Include="Engine\Game\Shader\Sprite3D">
      <UniqueIdentifier>{d1facb02-afc7-4b91-8343-caed95c30ca0}</UniqueIdentifier>
    </Filter>
    <Filter Include="Engine\Game\Shader\Sprite2D">
      <UniqueIdentifier>{25218c47-c4bd-44d2-8b4e-61ff426268da}</UniqueIdentifier>
    </Filter>
    <Filter Include="Engine\Game\Shader\Model">
      <UniqueIdentifier>{2948526d-2d37-441e-a520-769e91dc00ab}</UniqueIdentifier>
    </Filter>
    <Filter Include="Engine\Game\Shader\PostEffect">
      <UniqueIdentifier>{a82cfae2-fc24-4686-872d-8bfd9d9eafb6}</UniqueIdentifier>
    </Filter>
    <Filter Include="Engine\Game\Collision">
      <UniqueIdentifier>{1ae737d4-21ca-4d56-b945-6c0b5710617f}</UniqueIdentifier>
    </Filter>
    <Filter Include="Engine\Game\Particle">
      <UniqueIdentifier>{bb4dabc7-ee27-47c5-b886-28303885caef}</UniqueIdentifier>
    </Filter>
    <Filter Include="Application\Draw\Particle">
      <UniqueIdentifier>{40db7bcb-4568-4930-beee-97a6f00882a5}</UniqueIdentifier>
    </Filter>
    <Filter Include="Application\Game">
      <UniqueIdentifier>{e3fc16ed-1190-4275-bc3b-57861fa94768}</UniqueIdentifier>
    </Filter>
    <Filter Include="Engine\Util\Math\Vector">
      <UniqueIdentifier>{a53b9a2f-da72-4c75-a374-4ff74809d9ad}</UniqueIdentifier>
    </Filter>
    <Filter Include="Application\Game\MapChip">
      <UniqueIdentifier>{f44abf95-46f4-47da-b0b9-7729309f20e6}</UniqueIdentifier>
    </Filter>
    <Filter Include="Application\Game\Chara">
      <UniqueIdentifier>{15f69323-8672-45d3-a98b-5c51b73b7b91}</UniqueIdentifier>
    </Filter>
    <Filter Include="Application\Game\Chara\Player">
      <UniqueIdentifier>{7f427dfb-24a5-4964-b8a2-1f56cdcd4c3d}</UniqueIdentifier>
    </Filter>
    <Filter Include="Application\Game\Chara\Pet">
      <UniqueIdentifier>{c726d973-737b-43fb-996e-7ebbceb701ea}</UniqueIdentifier>
    </Filter>
    <Filter Include="Application\Game\Chara\Attack">
      <UniqueIdentifier>{9af674af-be5a-4352-a07d-2207a56bd8d9}</UniqueIdentifier>
    </Filter>
    <Filter Include="Application\Game\Chara\Enemy">
      <UniqueIdentifier>{a822410d-4324-459f-83d2-237ed272e10c}</UniqueIdentifier>
    </Filter>
    <Filter Include="Application\Game\Drawer">
      <UniqueIdentifier>{47b6c29d-72b8-443b-8ad7-8192767eade5}</UniqueIdentifier>
    </Filter>
    <Filter Include="Application\Draw\HUD">
      <UniqueIdentifier>{16ef26ea-5fb0-4b76-9dd0-6cf9f6098c19}</UniqueIdentifier>
    </Filter>
    <Filter Include="Application\Game\Chara\Item">
      <UniqueIdentifier>{e13fc05c-b636-435f-9f3c-30fd32b9d714}</UniqueIdentifier>
    </Filter>
    <Filter Include="Application\Game\Level">
      <UniqueIdentifier>{4eba86e2-5c39-46a2-9a0d-cd7530b4250a}</UniqueIdentifier>
    </Filter>
    <Filter Include="Application\Game\Drawer\Attack">
      <UniqueIdentifier>{b49d6a50-8727-431f-a3b9-6698d04dfa31}</UniqueIdentifier>
    </Filter>
    <Filter Include="Application\Game\Drawer\Enemy">
      <UniqueIdentifier>{8e90ba7c-37e8-4632-97cf-63f8f6fb55b6}</UniqueIdentifier>
    </Filter>
    <Filter Include="Application\Game\Drawer\Item">
      <UniqueIdentifier>{bba35c86-37ec-4694-975c-404372d73c24}</UniqueIdentifier>
    </Filter>
    <Filter Include="Application\Game\Drawer\Pet">
      <UniqueIdentifier>{c1bb83d5-5a96-46d7-8353-fb27465b0a04}</UniqueIdentifier>
    </Filter>
    <Filter Include="Application\Game\Drawer\Player">
      <UniqueIdentifier>{923fd883-3c08-481e-bfea-9e06cd257020}</UniqueIdentifier>
    </Filter>
    <Filter Include="Application\Game\Drawer\etc">
      <UniqueIdentifier>{7f9f146c-3789-4ed2-8432-98245287f8b3}</UniqueIdentifier>
    </Filter>
  </ItemGroup>
  <ItemGroup>
    <ClCompile Include="Engine\Base\DX\ScreenDesc.cpp">
      <Filter>Engine\Base</Filter>
    </ClCompile>
    <ClCompile Include="Engine\Base\DX\YAssert.cpp">
      <Filter>Engine\Base</Filter>
    </ClCompile>
    <ClCompile Include="Engine\Base\DX\YDirectX.cpp">
      <Filter>Engine\Base</Filter>
    </ClCompile>
    <ClCompile Include="Engine\Base\YWindowsApp.cpp">
      <Filter>Engine\Base</Filter>
    </ClCompile>
    <ClCompile Include="Engine\Base\DX\ConstBuffer.cpp">
      <Filter>Engine\Base\Pipeline</Filter>
    </ClCompile>
    <ClCompile Include="Engine\Base\DX\GPUResource.cpp">
      <Filter>Engine\Base\Pipeline</Filter>
    </ClCompile>
    <ClCompile Include="Engine\Base\DX\PipelineSet.cpp">
      <Filter>Engine\Base\Pipeline</Filter>
    </ClCompile>
    <ClCompile Include="Engine\Base\DX\Vertices.cpp">
      <Filter>Engine\Base\Pipeline</Filter>
    </ClCompile>
    <ClCompile Include="Engine\Base\DX\DescriptorHeap.cpp">
      <Filter>Engine\Base\Pipeline</Filter>
    </ClCompile>
    <ClCompile Include="Engine\Game\Camera\Camera.cpp">
      <Filter>Engine\Game\Camera</Filter>
    </ClCompile>
    <ClCompile Include="Engine\Game\MapChip\IMapChip.cpp">
      <Filter>Engine\Game\MapChip</Filter>
    </ClCompile>
    <ClCompile Include="Engine\Game\MapChip\MapChipCollider.cpp">
      <Filter>Engine\Game\MapChip</Filter>
    </ClCompile>
    <ClCompile Include="Application\Draw\Actor\SlimeActor.cpp">
      <Filter>Application\Draw\Actor</Filter>
    </ClCompile>
    <ClCompile Include="Engine\Utillity\Input\InputManager.cpp">
      <Filter>Engine\Util\Input</Filter>
    </ClCompile>
    <ClCompile Include="Engine\Utillity\Input\Keys.cpp">
      <Filter>Engine\Util\Input</Filter>
    </ClCompile>
    <ClCompile Include="Engine\Utillity\Input\Mouse.cpp">
      <Filter>Engine\Util\Input</Filter>
    </ClCompile>
    <ClCompile Include="Engine\Utillity\Input\Pad.cpp">
      <Filter>Engine\Util\Input</Filter>
    </ClCompile>
    <ClCompile Include="Engine\Utillity\FileUtil.cpp">
      <Filter>Engine\Util</Filter>
    </ClCompile>
    <ClCompile Include="Engine\Utillity\Math\MathVector.cpp">
      <Filter>Engine\Util\Math\Vector</Filter>
    </ClCompile>
    <ClCompile Include="Engine\Utillity\Math\Matrix4.cpp">
      <Filter>Engine\Util\Math\Vector</Filter>
    </ClCompile>
    <ClCompile Include="Engine\Utillity\Math\Vector2.cpp">
      <Filter>Engine\Util\Math\Vector</Filter>
    </ClCompile>
    <ClCompile Include="Engine\Utillity\Math\Vector3.cpp">
      <Filter>Engine\Util\Math\Vector</Filter>
    </ClCompile>
    <ClCompile Include="Engine\Utillity\Math\Vector4.cpp">
      <Filter>Engine\Util\Math\Vector</Filter>
    </ClCompile>
    <ClCompile Include="Engine\Utillity\Math\MathUtil.cpp">
      <Filter>Engine\Util\Math</Filter>
    </ClCompile>
    <ClCompile Include="Engine\Utillity\Math\Shake.cpp">
      <Filter>Engine\Util\Math</Filter>
    </ClCompile>
    <ClCompile Include="Engine\Base\YFramework.cpp">
      <Filter>Engine\Base</Filter>
    </ClCompile>
    <ClCompile Include="Engine\Utillity\Math\Lerp.cpp">
      <Filter>Engine\Util\Math\Lerp</Filter>
    </ClCompile>
    <ClCompile Include="Engine\Utillity\Math\Power.cpp">
      <Filter>Engine\Util\Math\Lerp</Filter>
    </ClCompile>
    <ClCompile Include="Engine\Utillity\Math\Timer.cpp">
      <Filter>Engine\Util\Math\Lerp</Filter>
    </ClCompile>
    <ClCompile Include="Engine\Utillity\Math\CollisionDetection.cpp">
      <Filter>Engine\Util\Math</Filter>
    </ClCompile>
    <ClCompile Include="Engine\Game\Collision\BaseCollider.cpp">
      <Filter>Engine\Game\Collision</Filter>
    </ClCompile>
    <ClCompile Include="Engine\Game\WorldRuler.cpp">
      <Filter>Engine\Game</Filter>
    </ClCompile>
    <ClCompile Include="Engine\Utillity\Math\Speed.cpp">
      <Filter>Engine\Util\Math</Filter>
    </ClCompile>
    <ClCompile Include="Engine\Game\Camera\ViewProjection.cpp">
      <Filter>Engine\Game\Camera</Filter>
    </ClCompile>
    <ClCompile Include="Engine\Game\Object\Transform.cpp">
      <Filter>Engine\Game\Object</Filter>
    </ClCompile>
    <ClCompile Include="Engine\Game\Object\Model.cpp">
      <Filter>Engine\Game\Object\Model</Filter>
    </ClCompile>
    <ClCompile Include="Engine\Game\Object\Sprite2D.cpp">
      <Filter>Engine\Game\Object\Sprite2D</Filter>
    </ClCompile>
    <ClCompile Include="Engine\Game\Object\Sprite3D.cpp">
      <Filter>Engine\Game\Object\Sprite3D</Filter>
    </ClCompile>
    <ClCompile Include="Engine\Game\Camera\ScrollCamera.cpp">
      <Filter>Engine\Game\Camera</Filter>
    </ClCompile>
    <ClCompile Include="Engine\Game\Object\Mesh.cpp">
      <Filter>Engine\Game\Object\Model</Filter>
    </ClCompile>
    <ClCompile Include="Engine\Base\DX\IShaderSet.cpp">
      <Filter>Engine\Base\Pipeline</Filter>
    </ClCompile>
    <ClCompile Include="Application\Scene\PlayScene.cpp">
      <Filter>Application\Scene</Filter>
    </ClCompile>
    <ClCompile Include="Application\Scene\SelectScene.cpp">
      <Filter>Application\Scene</Filter>
    </ClCompile>
    <ClCompile Include="Application\Scene\TestScene.cpp">
      <Filter>Application\Scene</Filter>
    </ClCompile>
    <ClCompile Include="Application\Scene\TitleScene.cpp">
      <Filter>Application\Scene</Filter>
    </ClCompile>
    <ClCompile Include="Application\Scene\YGameSceneFactory.cpp">
      <Filter>Application\Scene</Filter>
    </ClCompile>
    <ClCompile Include="Engine\Base\Scene\BaseScene.cpp">
      <Filter>Engine\Base\Scene\Scene</Filter>
    </ClCompile>
    <ClCompile Include="Engine\Base\Scene\SceneManager.cpp">
      <Filter>Engine\Base\Scene\Scene</Filter>
    </ClCompile>
    <ClCompile Include="Engine\Base\Scene\TransitionManager.cpp">
      <Filter>Engine\Base\Scene\Transition</Filter>
    </ClCompile>
    <ClCompile Include="Engine\Base\Scene\BaseTransition.cpp">
      <Filter>Engine\Base\Scene\Transition</Filter>
    </ClCompile>
    <ClCompile Include="Engine\Base\Scene\SceneExecutive.cpp">
      <Filter>Engine\Base\Scene</Filter>
    </ClCompile>
    <ClCompile Include="Application\Transition\Blackout.cpp">
      <Filter>Application\Transition</Filter>
    </ClCompile>
    <ClCompile Include="Application\Transition\InfectionBlocks.cpp">
      <Filter>Application\Transition</Filter>
    </ClCompile>
    <ClCompile Include="Application\Transition\YGameTransitionFactory.cpp">
      <Filter>Application\Transition</Filter>
    </ClCompile>
    <ClCompile Include="Engine\Utillity\DebugText\ImGuiManager.cpp">
      <Filter>Engine\Util\DebugText</Filter>
    </ClCompile>
    <ClCompile Include="Engine\Game\Object\PostEffect.cpp">
      <Filter>Engine\Game\Object\PostEffect</Filter>
    </ClCompile>
    <ClCompile Include="Engine\Game\Audio.cpp">
      <Filter>Engine\Game</Filter>
    </ClCompile>
    <ClCompile Include="Engine\Game\Texture.cpp">
      <Filter>Engine\Game</Filter>
    </ClCompile>
    <ClCompile Include="Engine\Game\Object\CBTexConfig.cpp">
      <Filter>Engine\Game\Object\CB</Filter>
    </ClCompile>
    <ClCompile Include="Engine\Game\Object\CBColor.cpp">
      <Filter>Engine\Game\Object\CB</Filter>
    </ClCompile>
    <ClCompile Include="Engine\Game\Object\CBMaterial.cpp">
      <Filter>Engine\Game\Object\CB</Filter>
    </ClCompile>
    <ClCompile Include="Engine\Game\Object\Light\CBDirectionalLight.cpp">
      <Filter>Engine\Game\Object\CB\Light</Filter>
    </ClCompile>
    <ClCompile Include="Engine\Game\Object\Light\CBPointLight.cpp">
      <Filter>Engine\Game\Object\CB\Light</Filter>
    </ClCompile>
    <ClCompile Include="Engine\Game\Object\Light\CBSpotLight.cpp">
      <Filter>Engine\Game\Object\CB\Light</Filter>
    </ClCompile>
    <ClCompile Include="Engine\Game\Object\Light\CBLightGroup.cpp">
      <Filter>Engine\Game\Object\CB</Filter>
    </ClCompile>
    <ClCompile Include="Engine\Game\Level\Level.cpp">
      <Filter>Application\Game\Level</Filter>
    </ClCompile>
    <ClCompile Include="Application\MyGame.cpp">
      <Filter>Application</Filter>
    </ClCompile>
    <ClCompile Include="Engine\Game\Particle\IParticle.cpp">
      <Filter>Engine\Game\Particle</Filter>
    </ClCompile>
    <ClCompile Include="Engine\Game\Particle\ParticleManager.cpp">
      <Filter>Engine\Game\Particle</Filter>
    </ClCompile>
    <ClCompile Include="Engine\main.cpp">
      <Filter>Engine</Filter>
    </ClCompile>
    <ClCompile Include="Engine\Utillity\Math\Physics.cpp">
      <Filter>Engine\Util\Math</Filter>
    </ClCompile>
    <ClCompile Include="Application\Game\MapChipManager.cpp">
      <Filter>Application\Game\MapChip</Filter>
    </ClCompile>
    <ClCompile Include="Application\Game\MapChip.cpp">
      <Filter>Application\Game\MapChip</Filter>
    </ClCompile>
    <ClCompile Include="Application\Game\IEnemy.cpp">
      <Filter>Application\Game\Chara\Enemy</Filter>
    </ClCompile>
    <ClCompile Include="Application\Game\IPet.cpp">
      <Filter>Application\Game\Chara\Pet</Filter>
    </ClCompile>
    <ClCompile Include="Application\Game\Player.cpp">
      <Filter>Application\Game\Chara\Player</Filter>
    </ClCompile>
    <ClCompile Include="Application\Game\Slime.cpp">
      <Filter>Application\Game\Chara\Enemy</Filter>
    </ClCompile>
    <ClCompile Include="Application\Game\Horse.cpp">
      <Filter>Application\Game\Chara\Pet</Filter>
    </ClCompile>
    <ClCompile Include="Engine\Utillity\DebugText\DebugTextAttacher.cpp">
      <Filter>Engine\Util\DebugText</Filter>
    </ClCompile>
    <ClCompile Include="Application\Game\GameObject.cpp">
      <Filter>Application\Game\Chara</Filter>
    </ClCompile>
    <ClCompile Include="Application\Game\ICharacter.cpp">
      <Filter>Application\Game\Chara</Filter>
    </ClCompile>
    <ClCompile Include="Application\Game\CharacterManager.cpp">
      <Filter>Application\Game\Chara</Filter>
    </ClCompile>
    <ClCompile Include="Application\Game\CharacterStatus.cpp">
      <Filter>Application\Game\Chara</Filter>
    </ClCompile>
    <ClCompile Include="Engine\Game\Collision\CollisionPrimitive.cpp">
      <Filter>Engine\Game\Collision</Filter>
    </ClCompile>
    <ClCompile Include="Application\Game\IAttack.cpp">
      <Filter>Application\Game\Chara\Attack</Filter>
    </ClCompile>
    <ClCompile Include="Application\Game\BaseDrawer.cpp">
      <Filter>Application\Game\Drawer</Filter>
    </ClCompile>
    <ClCompile Include="Application\Draw\HUD\LetterBoxDrawer.cpp">
      <Filter>Application\Draw\HUD</Filter>
    </ClCompile>
    <ClCompile Include="Application\Draw\HUD\UIButtonDrawer.cpp">
      <Filter>Application\Draw\HUD</Filter>
    </ClCompile>
    <ClCompile Include="Application\Draw\HUD\UIChargeButtonDrawer.cpp">
      <Filter>Application\Draw\HUD</Filter>
    </ClCompile>
    <ClCompile Include="Application\Game\IItem.cpp">
      <Filter>Application\Game\Chara\Item</Filter>
    </ClCompile>
    <ClCompile Include="Engine\Game\Collision\SphereCollider.cpp">
      <Filter>Engine\Game\Collision</Filter>
    </ClCompile>
    <ClCompile Include="Application\Game\DefaultDrawer.cpp">
      <Filter>Application\Game\Drawer</Filter>
    </ClCompile>
    <ClCompile Include="Application\Game\SlashAttack.cpp">
      <Filter>Application\Game\Chara\Attack</Filter>
    </ClCompile>
    <ClCompile Include="Application\Game\SnortAttack.cpp">
      <Filter>Application\Game\Chara\Attack</Filter>
    </ClCompile>
    <ClCompile Include="Application\Draw\Actor\HitActor.cpp">
      <Filter>Application\Draw\Actor</Filter>
    </ClCompile>
    <ClCompile Include="Application\Game\PlayerDrawer.cpp">
      <Filter>Application\Game\Drawer\Player</Filter>
    </ClCompile>
    <ClCompile Include="Application\Game\SkydomeDrawer.cpp">
      <Filter>Application\Game\Drawer\etc</Filter>
    </ClCompile>
    <ClCompile Include="Application\Game\CloudDrawer.cpp">
      <Filter>Application\Game\Drawer\etc</Filter>
    </ClCompile>
    <ClCompile Include="Application\Game\BlockDrawer.cpp">
      <Filter>Application\Game\Drawer\etc</Filter>
    </ClCompile>
    <ClCompile Include="Application\Game\GoalDrawer.cpp">
      <Filter>Application\Game\Drawer\etc</Filter>
    </ClCompile>
    <ClCompile Include="Application\Game\HorseDrawer.cpp">
      <Filter>Application\Game\Drawer\Pet</Filter>
    </ClCompile>
    <ClCompile Include="Application\Game\SlashAttackDrawer.cpp">
      <Filter>Application\Game\Drawer\Attack</Filter>
    </ClCompile>
    <ClCompile Include="Application\Game\SnortAttackDrawer.cpp">
      <Filter>Application\Game\Drawer\Attack</Filter>
    </ClCompile>
    <ClCompile Include="Application\Game\SlimeDrawer.cpp">
      <Filter>Application\Game\Drawer\Enemy</Filter>
    </ClCompile>
  </ItemGroup>
  <ItemGroup>
    <ClInclude Include="Engine\Base\DX\ScreenDesc.h">
      <Filter>Engine\Base</Filter>
    </ClInclude>
    <ClInclude Include="Engine\Base\DX\YAssert.h">
      <Filter>Engine\Base</Filter>
    </ClInclude>
    <ClInclude Include="Engine\Base\DX\YDirectX.h">
      <Filter>Engine\Base</Filter>
    </ClInclude>
    <ClInclude Include="Engine\Base\YWindowsApp.h">
      <Filter>Engine\Base</Filter>
    </ClInclude>
    <ClInclude Include="Engine\Base\DX\ConstBuffer.h">
      <Filter>Engine\Base\Pipeline</Filter>
    </ClInclude>
    <ClInclude Include="Engine\Base\DX\GPUResource.h">
      <Filter>Engine\Base\Pipeline</Filter>
    </ClInclude>
    <ClInclude Include="Engine\Base\DX\PipelineSet.h">
      <Filter>Engine\Base\Pipeline</Filter>
    </ClInclude>
    <ClInclude Include="Engine\Base\DX\Vertices.h">
      <Filter>Engine\Base\Pipeline</Filter>
    </ClInclude>
    <ClInclude Include="Engine\Base\DX\DescriptorHeap.h">
      <Filter>Engine\Base\Pipeline</Filter>
    </ClInclude>
    <ClInclude Include="Engine\Game\Camera\Camera.h">
      <Filter>Engine\Game\Camera</Filter>
    </ClInclude>
    <ClInclude Include="Engine\Game\MapChip\IMapChip.h">
      <Filter>Engine\Game\MapChip</Filter>
    </ClInclude>
    <ClInclude Include="Engine\Game\MapChip\MapChipCollider.h">
      <Filter>Engine\Game\MapChip</Filter>
    </ClInclude>
    <ClInclude Include="Application\Draw\Actor\SlimeActor.h">
      <Filter>Application\Draw\Actor</Filter>
    </ClInclude>
    <ClInclude Include="Engine\Utillity\Input\InputManager.h">
      <Filter>Engine\Util\Input</Filter>
    </ClInclude>
    <ClInclude Include="Engine\Utillity\Input\Keys.h">
      <Filter>Engine\Util\Input</Filter>
    </ClInclude>
    <ClInclude Include="Engine\Utillity\Input\Mouse.h">
      <Filter>Engine\Util\Input</Filter>
    </ClInclude>
    <ClInclude Include="Engine\Utillity\Input\Pad.h">
      <Filter>Engine\Util\Input</Filter>
    </ClInclude>
    <ClInclude Include="Engine\Utillity\FileUtil.h">
      <Filter>Engine\Util</Filter>
    </ClInclude>
    <ClInclude Include="Engine\Utillity\Math\MathVector.h">
      <Filter>Engine\Util\Math\Vector</Filter>
    </ClInclude>
    <ClInclude Include="Engine\Utillity\Math\Matrix4.h">
      <Filter>Engine\Util\Math\Vector</Filter>
    </ClInclude>
    <ClInclude Include="Engine\Utillity\Math\Vector2.h">
      <Filter>Engine\Util\Math\Vector</Filter>
    </ClInclude>
    <ClInclude Include="Engine\Utillity\Math\Vector3.h">
      <Filter>Engine\Util\Math\Vector</Filter>
    </ClInclude>
    <ClInclude Include="Engine\Utillity\Math\Vector4.h">
      <Filter>Engine\Util\Math\Vector</Filter>
    </ClInclude>
    <ClInclude Include="Engine\Utillity\Math\MathUtil.h">
      <Filter>Engine\Util\Math</Filter>
    </ClInclude>
    <ClInclude Include="Engine\Utillity\Math\Shake.h">
      <Filter>Engine\Util\Math</Filter>
    </ClInclude>
    <ClInclude Include="Engine\Base\YFramework.h">
      <Filter>Engine\Base</Filter>
    </ClInclude>
    <ClInclude Include="Engine\Utillity\Math\Lerp.h">
      <Filter>Engine\Util\Math\Lerp</Filter>
    </ClInclude>
    <ClInclude Include="Engine\Utillity\Math\Power.h">
      <Filter>Engine\Util\Math\Lerp</Filter>
    </ClInclude>
    <ClInclude Include="Engine\Utillity\Math\Timer.h">
      <Filter>Engine\Util\Math\Lerp</Filter>
    </ClInclude>
    <ClInclude Include="Engine\Utillity\Math\CollisionDetection.h">
      <Filter>Engine\Util\Math</Filter>
    </ClInclude>
    <ClInclude Include="Engine\Game\Collision\CollisionPrimitive.h">
      <Filter>Engine\Game\Collision</Filter>
    </ClInclude>
    <ClInclude Include="Engine\Game\Collision\BaseCollider.h">
      <Filter>Engine\Game\Collision</Filter>
    </ClInclude>
    <ClInclude Include="Engine\Game\WorldRuler.h">
      <Filter>Engine\Game</Filter>
    </ClInclude>
    <ClInclude Include="Engine\Utillity\Math\Speed.h">
      <Filter>Engine\Util\Math</Filter>
    </ClInclude>
    <ClInclude Include="Engine\Game\Camera\ViewProjection.h">
      <Filter>Engine\Game\Camera</Filter>
    </ClInclude>
    <ClInclude Include="Engine\Game\Camera\ScrollCamera.h">
      <Filter>Engine\Game\Camera</Filter>
    </ClInclude>
    <ClInclude Include="Engine\Game\Object\Transform.h">
      <Filter>Engine\Game\Object</Filter>
    </ClInclude>
    <ClInclude Include="Engine\Game\Object\Mesh.h">
      <Filter>Engine\Game\Object\Model</Filter>
    </ClInclude>
    <ClInclude Include="Engine\Game\Object\Model.h">
      <Filter>Engine\Game\Object\Model</Filter>
    </ClInclude>
    <ClInclude Include="Engine\Game\Object\Sprite2D.h">
      <Filter>Engine\Game\Object\Sprite2D</Filter>
    </ClInclude>
    <ClInclude Include="Engine\Game\Object\Sprite3D.h">
      <Filter>Engine\Game\Object\Sprite3D</Filter>
    </ClInclude>
    <ClInclude Include="Engine\Base\DX\IShaderSet.h">
      <Filter>Engine\Base\Pipeline</Filter>
    </ClInclude>
    <ClInclude Include="Application\Scene\PlayScene.h">
      <Filter>Application\Scene</Filter>
    </ClInclude>
    <ClInclude Include="Application\Scene\SelectScene.h">
      <Filter>Application\Scene</Filter>
    </ClInclude>
    <ClInclude Include="Application\Scene\TestScene.h">
      <Filter>Application\Scene</Filter>
    </ClInclude>
    <ClInclude Include="Application\Scene\TitleScene.h">
      <Filter>Application\Scene</Filter>
    </ClInclude>
    <ClInclude Include="Application\Scene\YGameSceneFactory.h">
      <Filter>Application\Scene</Filter>
    </ClInclude>
    <ClInclude Include="Engine\Base\Scene\BaseScene.h">
      <Filter>Engine\Base\Scene\Scene</Filter>
    </ClInclude>
    <ClInclude Include="Engine\Base\Scene\ISceneFactory.h">
      <Filter>Engine\Base\Scene\Scene</Filter>
    </ClInclude>
    <ClInclude Include="Engine\Base\Scene\SceneManager.h">
      <Filter>Engine\Base\Scene\Scene</Filter>
    </ClInclude>
    <ClInclude Include="Engine\Base\Scene\TransitionManager.h">
      <Filter>Engine\Base\Scene\Transition</Filter>
    </ClInclude>
    <ClInclude Include="Engine\Base\Scene\ITransitionFactory.h">
      <Filter>Engine\Base\Scene\Transition</Filter>
    </ClInclude>
    <ClInclude Include="Engine\Base\Scene\BaseTransition.h">
      <Filter>Engine\Base\Scene\Transition</Filter>
    </ClInclude>
    <ClInclude Include="Engine\Base\Scene\SceneExecutive.h">
      <Filter>Engine\Base\Scene</Filter>
    </ClInclude>
    <ClInclude Include="Application\Transition\Blackout.h">
      <Filter>Application\Transition</Filter>
    </ClInclude>
    <ClInclude Include="Application\Transition\InfectionBlocks.h">
      <Filter>Application\Transition</Filter>
    </ClInclude>
    <ClInclude Include="Application\Transition\YGameTransitionFactory.h">
      <Filter>Application\Transition</Filter>
    </ClInclude>
    <ClInclude Include="Engine\Utillity\DebugText\ImGuiManager.h">
      <Filter>Engine\Util\DebugText</Filter>
    </ClInclude>
    <ClInclude Include="Engine\Game\Object\Node.h">
      <Filter>Engine\Game\Object\Model</Filter>
    </ClInclude>
    <ClInclude Include="Engine\Game\Object\PostEffect.h">
      <Filter>Engine\Game\Object\PostEffect</Filter>
    </ClInclude>
    <ClInclude Include="Engine\Game\Audio.h">
      <Filter>Engine\Game</Filter>
    </ClInclude>
    <ClInclude Include="Engine\Game\Texture.h">
      <Filter>Engine\Game</Filter>
    </ClInclude>
    <ClInclude Include="Engine\Game\Object\CBTexConfig.h">
      <Filter>Engine\Game\Object\CB</Filter>
    </ClInclude>
    <ClInclude Include="Engine\Game\Object\CBColor.h">
      <Filter>Engine\Game\Object\CB</Filter>
    </ClInclude>
    <ClInclude Include="Engine\Game\Object\CBMaterial.h">
      <Filter>Engine\Game\Object\CB</Filter>
    </ClInclude>
    <ClInclude Include="Engine\Game\Object\Light\CBDirectionalLight.h">
      <Filter>Engine\Game\Object\CB\Light</Filter>
    </ClInclude>
    <ClInclude Include="Engine\Game\Object\Light\CBPointLight.h">
      <Filter>Engine\Game\Object\CB\Light</Filter>
    </ClInclude>
    <ClInclude Include="Engine\Game\Object\Light\CBSpotLight.h">
      <Filter>Engine\Game\Object\CB\Light</Filter>
    </ClInclude>
    <ClInclude Include="Engine\Game\Object\Light\CBLightGroup.h">
      <Filter>Engine\Game\Object\CB</Filter>
    </ClInclude>
    <ClInclude Include="Engine\Game\Object\ObjectConfig.h">
      <Filter>Engine\Game\Object</Filter>
    </ClInclude>
    <ClInclude Include="Engine\Game\Level\Level.h">
      <Filter>Application\Game\Level</Filter>
    </ClInclude>
    <ClInclude Include="Application\MyGame.h">
      <Filter>Application</Filter>
    </ClInclude>
    <ClInclude Include="Engine\Game\Particle\IParticle.h">
      <Filter>Engine\Game\Particle</Filter>
    </ClInclude>
    <ClInclude Include="Engine\Game\Particle\ParticleManager.h">
      <Filter>Engine\Game\Particle</Filter>
    </ClInclude>
    <ClInclude Include="Engine\Def.h">
      <Filter>Engine</Filter>
    </ClInclude>
    <ClInclude Include="Engine\Utillity\Math\Physics.h">
      <Filter>Engine\Util\Math</Filter>
    </ClInclude>
    <ClInclude Include="Application\Game\MapChipManager.h">
      <Filter>Application\Game\MapChip</Filter>
    </ClInclude>
    <ClInclude Include="Application\Game\MapChip.h">
      <Filter>Application\Game\MapChip</Filter>
    </ClInclude>
    <ClInclude Include="Application\Game\IEnemy.h">
      <Filter>Application\Game\Chara\Enemy</Filter>
    </ClInclude>
    <ClInclude Include="Application\Game\IPet.h">
      <Filter>Application\Game\Chara\Pet</Filter>
    </ClInclude>
    <ClInclude Include="Application\Game\Player.h">
      <Filter>Application\Game\Chara\Player</Filter>
    </ClInclude>
    <ClInclude Include="Application\Game\Slime.h">
      <Filter>Application\Game\Chara\Enemy</Filter>
    </ClInclude>
    <ClInclude Include="Application\Game\Horse.h">
      <Filter>Application\Game\Chara\Pet</Filter>
    </ClInclude>
    <ClInclude Include="Engine\Utillity\DebugText\DebugTextAttacher.h">
      <Filter>Engine\Util\DebugText</Filter>
    </ClInclude>
    <ClInclude Include="Application\Game\GameObject.h">
      <Filter>Application\Game\Chara</Filter>
    </ClInclude>
    <ClInclude Include="Application\Game\ICharacter.h">
      <Filter>Application\Game\Chara</Filter>
    </ClInclude>
    <ClInclude Include="Application\Game\CharacterManager.h">
      <Filter>Application\Game\Chara</Filter>
    </ClInclude>
    <ClInclude Include="Application\Game\CharacterStatus.h">
      <Filter>Application\Game\Chara</Filter>
    </ClInclude>
    <ClInclude Include="Application\Game\AttributeType.h">
      <Filter>Application\Game\Chara</Filter>
    </ClInclude>
    <ClInclude Include="Application\Game\IAttack.h">
      <Filter>Application\Game\Chara\Attack</Filter>
    </ClInclude>
    <ClInclude Include="Application\Game\BaseDrawer.h">
      <Filter>Application\Game\Drawer</Filter>
    </ClInclude>
    <ClInclude Include="Application\Draw\HUD\LetterBoxDrawer.h">
      <Filter>Application\Draw\HUD</Filter>
    </ClInclude>
    <ClInclude Include="Application\Draw\HUD\UIButtonDrawer.h">
      <Filter>Application\Draw\HUD</Filter>
    </ClInclude>
    <ClInclude Include="Application\Draw\HUD\UIChargeButtonDrawer.h">
      <Filter>Application\Draw\HUD</Filter>
    </ClInclude>
    <ClInclude Include="Engine\Game\MapChip\MapChipCollisionBitConfig.h">
      <Filter>Engine\Game\MapChip</Filter>
    </ClInclude>
    <ClInclude Include="Application\Game\IItem.h">
      <Filter>Application\Game\Chara\Item</Filter>
    </ClInclude>
    <ClInclude Include="Engine\Game\Collision\SphereCollider.h">
      <Filter>Engine\Game\Collision</Filter>
    </ClInclude>
    <ClInclude Include="Application\Game\DefaultDrawer.h">
      <Filter>Application\Game\Drawer</Filter>
    </ClInclude>
    <ClInclude Include="Application\Game\SlashAttack.h">
      <Filter>Application\Game\Chara\Attack</Filter>
    </ClInclude>
    <ClInclude Include="Application\Game\SnortAttack.h">
      <Filter>Application\Game\Chara\Attack</Filter>
    </ClInclude>
    <ClInclude Include="Application\Game\CharacterConfig.h">
      <Filter>Application\Game\Chara</Filter>
    </ClInclude>
    <ClInclude Include="Application\Draw\Actor\HitActor.h">
      <Filter>Application\Draw\Actor</Filter>
    </ClInclude>
    <ClInclude Include="Application\Game\PlayerDrawer.h">
      <Filter>Application\Game\Drawer\Player</Filter>
    </ClInclude>
    <ClInclude Include="Application\Game\SkydomeDrawer.h">
      <Filter>Application\Game\Drawer\etc</Filter>
    </ClInclude>
    <ClInclude Include="Application\Game\CloudDrawer.h">
      <Filter>Application\Game\Drawer\etc</Filter>
    </ClInclude>
    <ClInclude Include="Application\Game\BlockDrawer.h">
      <Filter>Application\Game\Drawer\etc</Filter>
    </ClInclude>
    <ClInclude Include="Application\Game\GoalDrawer.h">
      <Filter>Application\Game\Drawer\etc</Filter>
    </ClInclude>
    <ClInclude Include="Application\Game\HorseDrawer.h">
      <Filter>Application\Game\Drawer\Pet</Filter>
    </ClInclude>
    <ClInclude Include="Application\Game\SlashAttackDrawer.h">
      <Filter>Application\Game\Drawer\Attack</Filter>
    </ClInclude>
    <ClInclude Include="Application\Game\SnortAttackDrawer.h">
      <Filter>Application\Game\Drawer\Attack</Filter>
    </ClInclude>
    <ClInclude Include="Application\Game\SlimeDrawer.h">
      <Filter>Application\Game\Drawer\Enemy</Filter>
    </ClInclude>
    <ClInclude Include="Application\Game\AnimationConfig.h">
      <Filter>Application\Game\Chara</Filter>
    </ClInclude>
  </ItemGroup>
  <ItemGroup>
    <None Include="Resources\Shaders\Sprite3D.hlsli">
      <Filter>Engine\Game\Shader\Sprite3D</Filter>
    </None>
    <None Include="Resources\Shaders\Model.hlsli">
      <Filter>Engine\Game\Shader\Model</Filter>
    </None>
    <None Include="Resources\Shaders\Sprite2D.hlsli">
      <Filter>Engine\Game\Shader\Sprite2D</Filter>
    </None>
    <None Include="Resources\Shaders\PostEffect.hlsli">
      <Filter>Engine\Game\Shader\PostEffect</Filter>
    </None>
    <None Include="Resources\Shaders\Light.hlsli">
      <Filter>Engine\Game\Shader\Model</Filter>
    </None>
  </ItemGroup>
  <ItemGroup>
    <FxCompile Include="Resources\Shaders\Sprite3DGS.hlsl">
      <Filter>Engine\Game\Shader\Sprite3D</Filter>
    </FxCompile>
    <FxCompile Include="Resources\Shaders\Sprite3DPS.hlsl">
      <Filter>Engine\Game\Shader\Sprite3D</Filter>
    </FxCompile>
    <FxCompile Include="Resources\Shaders\Sprite3DVS.hlsl">
      <Filter>Engine\Game\Shader\Sprite3D</Filter>
    </FxCompile>
    <FxCompile Include="Resources\Shaders\ModelPS.hlsl">
      <Filter>Engine\Game\Shader\Model</Filter>
    </FxCompile>
    <FxCompile Include="Resources\Shaders\ModelVS.hlsl">
      <Filter>Engine\Game\Shader\Model</Filter>
    </FxCompile>
    <FxCompile Include="Resources\Shaders\Sprite2DPS.hlsl">
      <Filter>Engine\Game\Shader\Sprite2D</Filter>
    </FxCompile>
    <FxCompile Include="Resources\Shaders\Sprite2DVS.hlsl">
      <Filter>Engine\Game\Shader\Sprite2D</Filter>
    </FxCompile>
    <FxCompile Include="Resources\Shaders\ToonPS.hlsl">
      <Filter>Engine\Game\Shader\Model</Filter>
    </FxCompile>
    <FxCompile Include="Resources\Shaders\PhongPS.hlsl">
      <Filter>Engine\Game\Shader\Model</Filter>
    </FxCompile>
    <FxCompile Include="Resources\Shaders\PostEffectPS.hlsl">
      <Filter>Engine\Game\Shader\PostEffect</Filter>
    </FxCompile>
    <FxCompile Include="Resources\Shaders\PostEffectVS.hlsl">
      <Filter>Engine\Game\Shader\PostEffect</Filter>
    </FxCompile>
    <FxCompile Include="Resources\Shaders\BloomPS.hlsl">
      <Filter>Engine\Game\Shader\PostEffect</Filter>
    </FxCompile>
    <FxCompile Include="Resources\Shaders\GaussianBlurPS.hlsl">
      <Filter>Engine\Game\Shader\PostEffect</Filter>
    </FxCompile>
    <FxCompile Include="Resources\Shaders\UVShiftBlurPS.hlsl">
      <Filter>Engine\Game\Shader\PostEffect</Filter>
    </FxCompile>
    <FxCompile Include="Resources\Shaders\ColorInversionPS.hlsl">
      <Filter>Engine\Game\Shader\PostEffect</Filter>
    </FxCompile>
  </ItemGroup>
</Project>