<?xml version="1.0" encoding="utf-8"?>
<Project ToolsVersion="17.0" xmlns="http://schemas.microsoft.com/developer/msbuild/2003">
  <ItemGroup>
    <ClCompile Include="$(ProjectDir)code\AssetLib\Unreal\UnrealLoader.cpp">
      <Filter>AssetLib\3D</Filter>
    </ClCompile>
    <ClCompile Include="$(ProjectDir)code\AssetLib\3DS\3DSConverter.cpp">
      <Filter>AssetLib\3DS</Filter>
    </ClCompile>
    <ClCompile Include="$(ProjectDir)code\AssetLib\3DS\3DSExporter.cpp">
      <Filter>AssetLib\3DS</Filter>
    </ClCompile>
    <ClCompile Include="$(ProjectDir)code\AssetLib\3DS\3DSLoader.cpp">
      <Filter>AssetLib\3DS</Filter>
    </ClCompile>
    <ClCompile Include="$(ProjectDir)code\AssetLib\AC\ACLoader.cpp">
      <Filter>AssetLib\AC</Filter>
    </ClCompile>
    <ClCompile Include="$(ProjectDir)code\AssetLib\AMF\AMFImporter.cpp">
      <Filter>AssetLib\AMF</Filter>
    </ClCompile>
    <ClCompile Include="$(ProjectDir)code\AssetLib\AMF\AMFImporter_Geometry.cpp">
      <Filter>AssetLib\AMF</Filter>
    </ClCompile>
    <ClCompile Include="$(ProjectDir)code\AssetLib\AMF\AMFImporter_Material.cpp">
      <Filter>AssetLib\AMF</Filter>
    </ClCompile>
    <ClCompile Include="$(ProjectDir)code\AssetLib\AMF\AMFImporter_Postprocess.cpp">
      <Filter>AssetLib\AMF</Filter>
    </ClCompile>
    <ClCompile Include="$(ProjectDir)code\AssetLib\ASE\ASELoader.cpp">
      <Filter>AssetLib\ASE</Filter>
    </ClCompile>
    <ClCompile Include="$(ProjectDir)code\AssetLib\ASE\ASEParser.cpp">
      <Filter>AssetLib\ASE</Filter>
    </ClCompile>
    <ClCompile Include="$(ProjectDir)code\AssetLib\Assbin\AssbinExporter.cpp">
      <Filter>AssetLib\ASSBIN</Filter>
    </ClCompile>
    <ClCompile Include="$(ProjectDir)code\AssetLib\Assbin\AssbinFileWriter.cpp">
      <Filter>AssetLib\ASSBIN</Filter>
    </ClCompile>
    <ClCompile Include="$(ProjectDir)code\AssetLib\Assbin\AssbinLoader.cpp">
      <Filter>AssetLib\ASSBIN</Filter>
    </ClCompile>
    <ClCompile Include="$(ProjectDir)code\AssetLib\Assxml\AssxmlExporter.cpp">
      <Filter>AssetLib\ASSXML</Filter>
    </ClCompile>
    <ClCompile Include="$(ProjectDir)code\AssetLib\Assxml\AssxmlFileWriter.cpp">
      <Filter>AssetLib\ASSXML</Filter>
    </ClCompile>
    <ClCompile Include="$(ProjectDir)code\AssetLib\B3D\B3DImporter.cpp">
      <Filter>AssetLib\B3D</Filter>
    </ClCompile>
    <ClCompile Include="$(ProjectDir)code\AssetLib\Blender\BlenderBMesh.cpp">
      <Filter>AssetLib\BLEND</Filter>
    </ClCompile>
    <ClCompile Include="$(ProjectDir)code\AssetLib\Blender\BlenderCustomData.cpp">
      <Filter>AssetLib\BLEND</Filter>
    </ClCompile>
    <ClCompile Include="$(ProjectDir)code\AssetLib\Blender\BlenderDNA.cpp">
      <Filter>AssetLib\BLEND</Filter>
    </ClCompile>
    <ClCompile Include="$(ProjectDir)code\AssetLib\Blender\BlenderLoader.cpp">
      <Filter>AssetLib\BLEND</Filter>
    </ClCompile>
    <ClCompile Include="$(ProjectDir)code\AssetLib\Blender\BlenderModifier.cpp">
      <Filter>AssetLib\BLEND</Filter>
    </ClCompile>
    <ClCompile Include="$(ProjectDir)code\AssetLib\Blender\BlenderScene.cpp">
      <Filter>AssetLib\BLEND</Filter>
    </ClCompile>
    <ClCompile Include="$(ProjectDir)code\AssetLib\Blender\BlenderTessellator.cpp">
      <Filter>AssetLib\BLEND</Filter>
    </ClCompile>
    <ClCompile Include="$(ProjectDir)code\AssetLib\BVH\BVHLoader.cpp">
      <Filter>AssetLib\BVH</Filter>
    </ClCompile>
    <ClCompile Include="$(ProjectDir)code\AssetLib\COB\COBLoader.cpp">
      <Filter>AssetLib\COB</Filter>
    </ClCompile>
    <ClCompile Include="$(ProjectDir)code\AssetLib\Collada\ColladaExporter.cpp">
      <Filter>AssetLib\COLLADA</Filter>
    </ClCompile>
    <ClCompile Include="$(ProjectDir)code\AssetLib\Collada\ColladaHelper.cpp">
      <Filter>AssetLib\COLLADA</Filter>
    </ClCompile>
    <ClCompile Include="$(ProjectDir)code\AssetLib\Collada\ColladaLoader.cpp">
      <Filter>AssetLib\COLLADA</Filter>
    </ClCompile>
    <ClCompile Include="$(ProjectDir)code\AssetLib\Collada\ColladaParser.cpp">
      <Filter>AssetLib\COLLADA</Filter>
    </ClCompile>
    <ClCompile Include="$(ProjectDir)code\AssetLib\CSM\CSMLoader.cpp">
      <Filter>AssetLib\CSM</Filter>
    </ClCompile>
    <ClCompile Include="$(ProjectDir)code\AssetLib\DXF\DXFLoader.cpp">
      <Filter>AssetLib\DXF</Filter>
    </ClCompile>
    <ClCompile Include="$(ProjectDir)code\AssetLib\FBX\FBXAnimation.cpp">
      <Filter>AssetLib\FBX</Filter>
    </ClCompile>
    <ClCompile Include="$(ProjectDir)code\AssetLib\FBX\FBXBinaryTokenizer.cpp">
      <Filter>AssetLib\FBX</Filter>
    </ClCompile>
    <ClCompile Include="$(ProjectDir)code\AssetLib\FBX\FBXConverter.cpp">
      <Filter>AssetLib\FBX</Filter>
    </ClCompile>
    <ClCompile Include="$(ProjectDir)code\AssetLib\FBX\FBXDeformer.cpp">
      <Filter>AssetLib\FBX</Filter>
    </ClCompile>
    <ClCompile Include="$(ProjectDir)code\AssetLib\FBX\FBXDocument.cpp">
      <Filter>AssetLib\FBX</Filter>
    </ClCompile>
    <ClCompile Include="$(ProjectDir)code\AssetLib\FBX\FBXDocumentUtil.cpp">
      <Filter>AssetLib\FBX</Filter>
    </ClCompile>
    <ClCompile Include="$(ProjectDir)code\AssetLib\FBX\FBXExporter.cpp">
      <Filter>AssetLib\FBX</Filter>
    </ClCompile>
    <ClCompile Include="$(ProjectDir)code\AssetLib\FBX\FBXExportNode.cpp">
      <Filter>AssetLib\FBX</Filter>
    </ClCompile>
    <ClCompile Include="$(ProjectDir)code\AssetLib\FBX\FBXExportProperty.cpp">
      <Filter>AssetLib\FBX</Filter>
    </ClCompile>
    <ClCompile Include="$(ProjectDir)code\AssetLib\FBX\FBXImporter.cpp">
      <Filter>AssetLib\FBX</Filter>
    </ClCompile>
    <ClCompile Include="$(ProjectDir)code\AssetLib\FBX\FBXMaterial.cpp">
      <Filter>AssetLib\FBX</Filter>
    </ClCompile>
    <ClCompile Include="$(ProjectDir)code\AssetLib\FBX\FBXMeshGeometry.cpp">
      <Filter>AssetLib\FBX</Filter>
    </ClCompile>
    <ClCompile Include="$(ProjectDir)code\AssetLib\FBX\FBXModel.cpp">
      <Filter>AssetLib\FBX</Filter>
    </ClCompile>
    <ClCompile Include="$(ProjectDir)code\AssetLib\FBX\FBXNodeAttribute.cpp">
      <Filter>AssetLib\FBX</Filter>
    </ClCompile>
    <ClCompile Include="$(ProjectDir)code\AssetLib\FBX\FBXParser.cpp">
      <Filter>AssetLib\FBX</Filter>
    </ClCompile>
    <ClCompile Include="$(ProjectDir)code\AssetLib\FBX\FBXProperties.cpp">
      <Filter>AssetLib\FBX</Filter>
    </ClCompile>
    <ClCompile Include="$(ProjectDir)code\AssetLib\FBX\FBXTokenizer.cpp">
      <Filter>AssetLib\FBX</Filter>
    </ClCompile>
    <ClCompile Include="$(ProjectDir)code\AssetLib\FBX\FBXUtil.cpp">
      <Filter>AssetLib\FBX</Filter>
    </ClCompile>
    <ClCompile Include="$(ProjectDir)code\AssetLib\glTF2\glTF2Exporter.cpp">
      <Filter>AssetLib\GLTF</Filter>
    </ClCompile>
    <ClCompile Include="$(ProjectDir)code\AssetLib\glTF2\glTF2Importer.cpp">
      <Filter>AssetLib\GLTF</Filter>
    </ClCompile>
    <ClCompile Include="$(ProjectDir)code\AssetLib\glTF\glTFCommon.cpp">
      <Filter>AssetLib\GLTF</Filter>
    </ClCompile>
    <ClCompile Include="$(ProjectDir)code\AssetLib\glTF\glTFExporter.cpp">
      <Filter>AssetLib\GLTF</Filter>
    </ClCompile>
    <ClCompile Include="$(ProjectDir)code\AssetLib\glTF\glTFImporter.cpp">
      <Filter>AssetLib\GLTF</Filter>
    </ClCompile>
    <ClCompile Include="$(ProjectDir)code\AssetLib\HMP\HMPLoader.cpp">
      <Filter>AssetLib\HMP</Filter>
    </ClCompile>
    <ClCompile Include="$(ProjectDir)code\AssetLib\IFC\IFCBoolean.cpp">
      <Filter>AssetLib\IFC</Filter>
    </ClCompile>
    <ClCompile Include="$(ProjectDir)code\AssetLib\IFC\IFCCurve.cpp">
      <Filter>AssetLib\IFC</Filter>
    </ClCompile>
    <ClCompile Include="$(ProjectDir)code\AssetLib\IFC\IFCGeometry.cpp">
      <Filter>AssetLib\IFC</Filter>
    </ClCompile>
    <ClCompile Include="$(ProjectDir)code\AssetLib\IFC\IFCLoader.cpp">
      <Filter>AssetLib\IFC</Filter>
    </ClCompile>
    <ClCompile Include="$(ProjectDir)code\AssetLib\IFC\IFCOpenings.cpp">
      <Filter>AssetLib\IFC</Filter>
    </ClCompile>
    <ClCompile Include="$(ProjectDir)code\AssetLib\IFC\IFCMaterial.cpp">
      <Filter>AssetLib\IFC</Filter>
    </ClCompile>
    <ClCompile Include="$(ProjectDir)code\AssetLib\IFC\IFCProfile.cpp">
      <Filter>AssetLib\IFC</Filter>
    </ClCompile>
    <ClCompile Include="$(ProjectDir)code\AssetLib\IFC\IFCReaderGen1_2x3.cpp">
      <Filter>AssetLib\IFC</Filter>
    </ClCompile>
    <ClCompile Include="$(ProjectDir)code\AssetLib\IFC\IFCReaderGen2_2x3.cpp">
      <Filter>AssetLib\IFC</Filter>
    </ClCompile>
    <ClCompile Include="$(ProjectDir)code\AssetLib\IFC\IFCUtil.cpp">
      <Filter>AssetLib\IFC</Filter>
    </ClCompile>
    <ClCompile Include="$(ProjectDir)code\AssetLib\IQM\IQMImporter.cpp">
      <Filter>AssetLib\IQM</Filter>
    </ClCompile>
    <ClCompile Include="$(ProjectDir)code\AssetLib\Irr\IRRLoader.cpp">
      <Filter>AssetLib\IRR</Filter>
    </ClCompile>
    <ClCompile Include="$(ProjectDir)code\AssetLib\Irr\IRRMeshLoader.cpp">
      <Filter>AssetLib\IRRMESH</Filter>
    </ClCompile>
    <ClCompile Include="$(ProjectDir)code\AssetLib\Irr\IRRShared.cpp">
      <Filter>AssetLib\IRRMESH</Filter>
    </ClCompile>
    <ClCompile Include="$(ProjectDir)code\AssetLib\LWO\LWOAnimation.cpp">
      <Filter>AssetLib\LWO</Filter>
    </ClCompile>
    <ClCompile Include="$(ProjectDir)code\AssetLib\LWO\LWOBLoader.cpp">
      <Filter>AssetLib\LWO</Filter>
    </ClCompile>
    <ClCompile Include="$(ProjectDir)code\AssetLib\LWO\LWOLoader.cpp">
      <Filter>AssetLib\LWO</Filter>
    </ClCompile>
    <ClCompile Include="$(ProjectDir)code\AssetLib\LWO\LWOMaterial.cpp">
      <Filter>AssetLib\LWO</Filter>
    </ClCompile>
    <ClCompile Include="$(ProjectDir)code\AssetLib\LWS\LWSLoader.cpp">
      <Filter>AssetLib\LWS</Filter>
    </ClCompile>
    <ClCompile Include="$(ProjectDir)code\AssetLib\M3D\M3DExporter.cpp">
      <Filter>AssetLib\M3D</Filter>
    </ClCompile>
    <ClCompile Include="$(ProjectDir)code\AssetLib\M3D\M3DImporter.cpp">
      <Filter>AssetLib\M3D</Filter>
    </ClCompile>
    <ClCompile Include="$(ProjectDir)code\AssetLib\M3D\M3DWrapper.cpp">
      <Filter>AssetLib\M3D</Filter>
    </ClCompile>
    <ClCompile Include="$(ProjectDir)code\AssetLib\MD2\MD2Loader.cpp">
      <Filter>AssetLib\MD2</Filter>
    </ClCompile>
    <ClCompile Include="$(ProjectDir)code\AssetLib\MD3\MD3Loader.cpp">
      <Filter>AssetLib\MD3</Filter>
    </ClCompile>
    <ClCompile Include="$(ProjectDir)code\AssetLib\MD5\MD5Loader.cpp">
      <Filter>AssetLib\MD5</Filter>
    </ClCompile>
    <ClCompile Include="$(ProjectDir)code\AssetLib\MD5\MD5Parser.cpp">
      <Filter>AssetLib\MD5</Filter>
    </ClCompile>
    <ClCompile Include="$(ProjectDir)code\AssetLib\MDC\MDCLoader.cpp">
      <Filter>AssetLib\MDC</Filter>
    </ClCompile>
    <ClCompile Include="$(ProjectDir)code\AssetLib\MMD\MMDImporter.cpp">
      <Filter>AssetLib\MMD</Filter>
    </ClCompile>
    <ClCompile Include="$(ProjectDir)code\AssetLib\MMD\MMDPmxParser.cpp">
      <Filter>AssetLib\MMD</Filter>
    </ClCompile>
    <ClCompile Include="$(ProjectDir)code\AssetLib\MS3D\MS3DLoader.cpp">
      <Filter>AssetLib\MS3D</Filter>
    </ClCompile>
    <ClCompile Include="$(ProjectDir)code\AssetLib\NDO\NDOLoader.cpp">
      <Filter>AssetLib\NDO</Filter>
    </ClCompile>
    <ClCompile Include="$(ProjectDir)code\AssetLib\NFF\NFFLoader.cpp">
      <Filter>AssetLib\NFF</Filter>
    </ClCompile>
    <ClCompile Include="code\AssetLib\Obj\ObjExporter.cpp">
      <Filter>AssetLib\OBJ</Filter>
    </ClCompile>
    <ClCompile Include="code\AssetLib\Obj\ObjFileImporter.cpp">
      <Filter>AssetLib\OBJ</Filter>
    </ClCompile>
    <ClCompile Include="code\AssetLib\Obj\ObjFileMtlImporter.cpp">
      <Filter>AssetLib\OBJ</Filter>
    </ClCompile>
    <ClCompile Include="code\AssetLib\Obj\ObjFileParser.cpp">
      <Filter>AssetLib\OBJ</Filter>
    </ClCompile>
    <ClCompile Include="$(ProjectDir)code\AssetLib\OFF\OFFLoader.cpp">
      <Filter>AssetLib\OFF</Filter>
    </ClCompile>
    <ClCompile Include="$(ProjectDir)code\AssetLib\Ogre\OgreBinarySerializer.cpp">
      <Filter>AssetLib\OGRE</Filter>
    </ClCompile>
    <ClCompile Include="$(ProjectDir)code\AssetLib\Ogre\OgreImporter.cpp">
      <Filter>AssetLib\OGRE</Filter>
    </ClCompile>
    <ClCompile Include="$(ProjectDir)code\AssetLib\Ogre\OgreMaterial.cpp">
      <Filter>AssetLib\OGRE</Filter>
    </ClCompile>
    <ClCompile Include="$(ProjectDir)code\AssetLib\Ogre\OgreStructs.cpp">
      <Filter>AssetLib\OGRE</Filter>
    </ClCompile>
    <ClCompile Include="$(ProjectDir)code\AssetLib\Ogre\OgreXmlSerializer.cpp">
      <Filter>AssetLib\OGRE</Filter>
    </ClCompile>
    <ClCompile Include="$(ProjectDir)code\AssetLib\OpenGEX\OpenGEXExporter.cpp">
      <Filter>AssetLib\OPENGEX</Filter>
    </ClCompile>
    <ClCompile Include="$(ProjectDir)code\AssetLib\OpenGEX\OpenGEXImporter.cpp">
      <Filter>AssetLib\OPENGEX</Filter>
    </ClCompile>
    <ClCompile Include="$(ProjectDir)code\AssetLib\Ply\PlyParser.cpp">
      <Filter>AssetLib\PLY</Filter>
    </ClCompile>
    <ClCompile Include="$(ProjectDir)code\AssetLib\Ply\PlyLoader.cpp">
      <Filter>AssetLib\PLY</Filter>
    </ClCompile>
    <ClCompile Include="$(ProjectDir)code\AssetLib\Ply\PlyExporter.cpp">
      <Filter>AssetLib\PLY</Filter>
    </ClCompile>
    <ClCompile Include="$(ProjectDir)code\Pbrt\PbrtExporter.cpp">
      <Filter>AssetLib\PBRT</Filter>
    </ClCompile>
    <ClCompile Include="$(ProjectDir)code\AssetLib\Q3BSP\Q3BSPFileImporter.cpp">
      <Filter>AssetLib\Q3BSP</Filter>
    </ClCompile>
    <ClCompile Include="$(ProjectDir)code\AssetLib\Q3BSP\Q3BSPFileParser.cpp">
      <Filter>AssetLib\Q3BSP</Filter>
    </ClCompile>
    <ClCompile Include="$(ProjectDir)code\AssetLib\Q3D\Q3DLoader.cpp">
      <Filter>AssetLib\Q3D</Filter>
    </ClCompile>
    <ClCompile Include="$(ProjectDir)code\AssetLib\Raw\RawLoader.cpp">
      <Filter>AssetLib\RAW</Filter>
    </ClCompile>
    <ClCompile Include="$(ProjectDir)code\AssetLib\SIB\SIBImporter.cpp">
      <Filter>AssetLib\SIB</Filter>
    </ClCompile>
    <ClCompile Include="$(ProjectDir)code\AssetLib\SMD\SMDLoader.cpp">
      <Filter>AssetLib\SMD</Filter>
    </ClCompile>
    <ClCompile Include="$(ProjectDir)code\AssetLib\STL\STLExporter.cpp">
      <Filter>AssetLib\STL</Filter>
    </ClCompile>
    <ClCompile Include="$(ProjectDir)code\AssetLib\STL\STLLoader.cpp">
      <Filter>AssetLib\STL</Filter>
    </ClCompile>
    <ClCompile Include="$(ProjectDir)code\AssetLib\Step\StepExporter.cpp">
      <Filter>AssetLib\STEP</Filter>
    </ClCompile>
    <ClCompile Include="$(ProjectDir)code\AssetLib\X\XFileExporter.cpp">
      <Filter>AssetLib\X</Filter>
    </ClCompile>
    <ClCompile Include="$(ProjectDir)code\AssetLib\X\XFileImporter.cpp">
      <Filter>AssetLib\X</Filter>
    </ClCompile>
    <ClCompile Include="$(ProjectDir)code\AssetLib\X\XFileParser.cpp">
      <Filter>AssetLib\X</Filter>
    </ClCompile>
    <ClCompile Include="$(ProjectDir)code\AssetLib\XGL\XGLLoader.cpp">
      <Filter>AssetLib\XGL</Filter>
    </ClCompile>
    <ClCompile Include="$(ProjectDir)code\AssetLib\X3D\X3DExporter.cpp">
      <Filter>AssetLib\X3D</Filter>
    </ClCompile>
    <ClCompile Include="$(ProjectDir)code\AssetLib\X3D\X3DGeoHelper.cpp">
      <Filter>AssetLib\X3D</Filter>
    </ClCompile>
    <ClCompile Include="$(ProjectDir)code\AssetLib\X3D\X3DImporter.cpp">
      <Filter>AssetLib\X3D</Filter>
    </ClCompile>
    <ClCompile Include="$(ProjectDir)code\AssetLib\X3D\X3DImporter_Geometry2D.cpp">
      <Filter>AssetLib\X3D</Filter>
    </ClCompile>
    <ClCompile Include="$(ProjectDir)code\AssetLib\X3D\X3DImporter_Geometry3D.cpp">
      <Filter>AssetLib\X3D</Filter>
    </ClCompile>
    <ClCompile Include="$(ProjectDir)code\AssetLib\X3D\X3DImporter_Group.cpp">
      <Filter>AssetLib\X3D</Filter>
    </ClCompile>
    <ClCompile Include="$(ProjectDir)code\AssetLib\X3D\X3DImporter_Light.cpp">
      <Filter>AssetLib\X3D</Filter>
    </ClCompile>
    <ClCompile Include="$(ProjectDir)code\AssetLib\X3D\X3DImporter_Metadata.cpp">
      <Filter>AssetLib\X3D</Filter>
    </ClCompile>
    <ClCompile Include="$(ProjectDir)code\AssetLib\X3D\X3DImporter_Networking.cpp">
      <Filter>AssetLib\X3D</Filter>
    </ClCompile>
    <ClCompile Include="$(ProjectDir)code\AssetLib\X3D\X3DImporter_Postprocess.cpp">
      <Filter>AssetLib\X3D</Filter>
    </ClCompile>
    <ClCompile Include="$(ProjectDir)code\AssetLib\X3D\X3DImporter_Rendering.cpp">
      <Filter>AssetLib\X3D</Filter>
    </ClCompile>
    <ClCompile Include="$(ProjectDir)code\AssetLib\X3D\X3DImporter_Shape.cpp">
      <Filter>AssetLib\X3D</Filter>
    </ClCompile>
    <ClCompile Include="$(ProjectDir)code\AssetLib\X3D\X3DImporter_Texturing.cpp">
      <Filter>AssetLib\X3D</Filter>
    </ClCompile>
    <ClCompile Include="$(ProjectDir)code\AssetLib\X3D\X3DXmlHelper.cpp">
      <Filter>AssetLib\X3D</Filter>
    </ClCompile>
    <ClCompile Include="$(ProjectDir)code\AssetLib\Terragen\TerragenLoader.cpp">
      <Filter>AssetLib\TERRAGEN</Filter>
    </ClCompile>
    <ClCompile Include="$(ProjectDir)code\CApi\CInterfaceIOWrapper.cpp">
      <Filter>CApi</Filter>
    </ClCompile>
    <ClCompile Include="$(ProjectDir)contrib\clipper\clipper.cpp">
      <Filter>Contrib\Clipper</Filter>
    </ClCompile>
    <ClCompile Include="$(ProjectDir)contrib\Open3DGC\o3dgcArithmeticCodec.cpp">
      <Filter>Contrib\open3dgc</Filter>
    </ClCompile>
    <ClCompile Include="$(ProjectDir)contrib\Open3DGC\o3dgcDynamicVectorDecoder.cpp">
      <Filter>Contrib\open3dgc</Filter>
    </ClCompile>
    <ClCompile Include="$(ProjectDir)contrib\Open3DGC\o3dgcDynamicVectorEncoder.cpp">
      <Filter>Contrib\open3dgc</Filter>
    </ClCompile>
    <ClCompile Include="$(ProjectDir)contrib\Open3DGC\o3dgcTools.cpp">
      <Filter>Contrib\open3dgc</Filter>
    </ClCompile>
    <ClCompile Include="$(ProjectDir)contrib\Open3DGC\o3dgcTriangleFans.cpp">
      <Filter>Contrib\open3dgc</Filter>
    </ClCompile>
    <ClCompile Include="$(ProjectDir)contrib\openddlparser\code\OpenDDLCommon.cpp">
      <Filter>Contrib\openddl_parser</Filter>
    </ClCompile>
    <ClCompile Include="$(ProjectDir)contrib\openddlparser\code\OpenDDLExport.cpp">
      <Filter>Contrib\openddl_parser</Filter>
    </ClCompile>
    <ClCompile Include="$(ProjectDir)contrib\openddlparser\code\OpenDDLParser.cpp">
      <Filter>Contrib\openddl_parser</Filter>
    </ClCompile>
    <ClCompile Include="$(ProjectDir)contrib\openddlparser\code\OpenDDLStream.cpp">
      <Filter>Contrib\openddl_parser</Filter>
    </ClCompile>
    <ClCompile Include="$(ProjectDir)contrib\openddlparser\code\Value.cpp">
      <Filter>Contrib\openddl_parser</Filter>
    </ClCompile>
    <ClCompile Include="$(ProjectDir)contrib\openddlparser\code\DDLNode.cpp">
      <Filter>Contrib\openddl_parser</Filter>
    </ClCompile>
    <ClCompile Include="$(ProjectDir)contrib\unzip\unzip.c">
      <Filter>Contrib\unzip</Filter>
    </ClCompile>
    <ClCompile Include="$(ProjectDir)contrib\unzip\crypt.c">
      <Filter>Contrib\unzip</Filter>
    </ClCompile>
    <ClCompile Include="$(ProjectDir)contrib\unzip\ioapi.c">
      <Filter>Contrib\unzip</Filter>
    </ClCompile>
    <ClCompile Include="$(ProjectDir)contrib\poly2tri\poly2tri\sweep\advancing_front.cc">
      <Filter>Contrib\Poly2Tri</Filter>
    </ClCompile>
    <ClCompile Include="$(ProjectDir)contrib\poly2tri\poly2tri\sweep\cdt.cc">
      <Filter>Contrib\Poly2Tri</Filter>
    </ClCompile>
    <ClCompile Include="$(ProjectDir)contrib\poly2tri\poly2tri\common\shapes.cc">
      <Filter>Contrib\Poly2Tri</Filter>
    </ClCompile>
    <ClCompile Include="$(ProjectDir)contrib\poly2tri\poly2tri\sweep\sweep.cc">
      <Filter>Contrib\Poly2Tri</Filter>
    </ClCompile>
    <ClCompile Include="$(ProjectDir)contrib\poly2tri\poly2tri\sweep\sweep_context.cc">
      <Filter>Contrib\Poly2Tri</Filter>
    </ClCompile>
    <ClCompile Include="$(ProjectDir)code\CApi\AssimpCExport.cpp">
      <Filter>Exporter</Filter>
    </ClCompile>
    <ClCompile Include="$(ProjectDir)code\Common\Exporter.cpp">
      <Filter>Exporter</Filter>
    </ClCompile>
    <ClCompile Include="$(ProjectDir)code\Common\DefaultLogger.cpp">
      <Filter>Logging</Filter>
    </ClCompile>
    <ClCompile Include="$(ProjectDir)code\Common\Assimp.cpp">
      <Filter>Source Files</Filter>
    </ClCompile>
    <ClCompile Include="$(ProjectDir)code\AssetLib\STEPParser\STEPFileEncoding.cpp">
      <Filter>STEPParser</Filter>
    </ClCompile>
    <ClCompile Include="$(ProjectDir)code\AssetLib\STEPParser\STEPFileReader.cpp">
      <Filter>STEPParser</Filter>
    </ClCompile>
    <ClCompile Include="$(ProjectDir)contrib\zip\src\zip.c">
      <Filter>ziplib</Filter>
    </ClCompile>
    <ClCompile Include="$(ProjectDir)code\AssetLib\3MF\D3MFExporter.cpp">
      <Filter>AssetLib\3MF</Filter>
    </ClCompile>
    <ClCompile Include="$(ProjectDir)code\AssetLib\3MF\D3MFImporter.cpp">
      <Filter>AssetLib\3MF</Filter>
    </ClCompile>
    <ClCompile Include="$(ProjectDir)code\AssetLib\3MF\D3MFOpcPackage.cpp">
      <Filter>AssetLib\3MF</Filter>
    </ClCompile>
    <ClCompile Include="$(ProjectDir)code\AssetLib\3MF\XmlSerializer.cpp">
      <Filter>AssetLib\3MF</Filter>
    </ClCompile>
    <ClCompile Include="$(ProjectDir)code\Material\MaterialSystem.cpp">
      <Filter>MaterialSystem</Filter>
    </ClCompile>
    <ClCompile Include="$(ProjectDir)code\AssetLib\Assjson\json_exporter.cpp">
      <Filter>AssetLib\ASSJSON</Filter>
    </ClCompile>
    <ClCompile Include="$(ProjectDir)code\AssetLib\Assjson\cencode.c">
      <Filter>AssetLib\ASSJSON</Filter>
    </ClCompile>
    <ClCompile Include="$(ProjectDir)code\AssetLib\Assjson\mesh_splitter.cpp">
      <Filter>AssetLib\ASSJSON</Filter>
    </ClCompile>
    <ClCompile Include="$(ProjectDir)code\AssetLib\MDL\MDLMaterialLoader.cpp">
      <Filter>AssetLib\MDL</Filter>
    </ClCompile>
    <ClCompile Include="$(ProjectDir)code\AssetLib\MDL\MDLLoader.cpp">
      <Filter>AssetLib\MDL</Filter>
    </ClCompile>
    <ClCompile Include="$(ProjectDir)code\AssetLib\MDL\HalfLife\UniqueNameGenerator.cpp">
      <Filter>AssetLib\MDL</Filter>
    </ClCompile>
    <ClCompile Include="$(ProjectDir)code\AssetLib\MDL\HalfLife\HL1MDLLoader.cpp">
      <Filter>AssetLib\MDL</Filter>
    </ClCompile>
    <ClCompile Include="$(ProjectDir)code\Common\AssertHandler.cpp">
      <Filter>Common</Filter>
    </ClCompile>
    <ClCompile Include="$(ProjectDir)code\Common\Base64.cpp">
      <Filter>Common</Filter>
    </ClCompile>
    <ClCompile Include="$(ProjectDir)code\Common\BaseImporter.cpp">
      <Filter>Common</Filter>
    </ClCompile>
    <ClCompile Include="$(ProjectDir)code\Common\BaseProcess.cpp">
      <Filter>Common</Filter>
    </ClCompile>
    <ClCompile Include="$(ProjectDir)code\Common\Bitmap.cpp">
      <Filter>Common</Filter>
    </ClCompile>
    <ClCompile Include="$(ProjectDir)code\Common\Compression.cpp">
      <Filter>Common</Filter>
    </ClCompile>
    <ClCompile Include="$(ProjectDir)code\Common\CreateAnimMesh.cpp">
      <Filter>Common</Filter>
    </ClCompile>
    <ClCompile Include="$(ProjectDir)code\Common\DefaultIOStream.cpp">
      <Filter>Common</Filter>
    </ClCompile>
    <ClCompile Include="$(ProjectDir)code\Common\DefaultIOSystem.cpp">
      <Filter>Common</Filter>
    </ClCompile>
    <ClCompile Include="$(ProjectDir)code\Common\Exceptional.cpp">
      <Filter>Common</Filter>
    </ClCompile>
    <ClCompile Include="$(ProjectDir)code\Common\Importer.cpp">
      <Filter>Common</Filter>
    </ClCompile>
    <ClCompile Include="$(ProjectDir)code\Common\ImporterRegistry.cpp">
      <Filter>Common</Filter>
    </ClCompile>
    <ClCompile Include="$(ProjectDir)code\Common\IOSystem.cpp">
      <Filter>Common</Filter>
    </ClCompile>
    <ClCompile Include="$(ProjectDir)code\Common\material.cpp">
      <Filter>Common</Filter>
    </ClCompile>
    <ClCompile Include="$(ProjectDir)code\Common\PostStepRegistry.cpp">
      <Filter>Common</Filter>
    </ClCompile>
    <ClCompile Include="$(ProjectDir)code\Common\RemoveComments.cpp">
      <Filter>Common</Filter>
    </ClCompile>
    <ClCompile Include="$(ProjectDir)code\Common\scene.cpp">
      <Filter>Common</Filter>
    </ClCompile>
    <ClCompile Include="$(ProjectDir)code\Common\SceneCombiner.cpp">
      <Filter>Common</Filter>
    </ClCompile>
    <ClCompile Include="$(ProjectDir)code\Common\ScenePreprocessor.cpp">
      <Filter>Common</Filter>
    </ClCompile>
    <ClCompile Include="$(ProjectDir)code\Common\SGSpatialSort.cpp">
      <Filter>Common</Filter>
    </ClCompile>
    <ClCompile Include="$(ProjectDir)code\Common\simd.cpp">
      <Filter>Common</Filter>
    </ClCompile>
    <ClCompile Include="$(ProjectDir)code\Common\SkeletonMeshBuilder.cpp">
      <Filter>Common</Filter>
    </ClCompile>
    <ClCompile Include="$(ProjectDir)code\Common\SpatialSort.cpp">
      <Filter>Common</Filter>
    </ClCompile>
    <ClCompile Include="$(ProjectDir)code\Common\StandardShapes.cpp">
      <Filter>Common</Filter>
    </ClCompile>
    <ClCompile Include="$(ProjectDir)code\Common\Subdivision.cpp">
      <Filter>Common</Filter>
    </ClCompile>
    <ClCompile Include="$(ProjectDir)code\Common\TargetAnimation.cpp">
      <Filter>Common</Filter>
    </ClCompile>
    <ClCompile Include="$(ProjectDir)code\Common\Version.cpp">
      <Filter>Common</Filter>
    </ClCompile>
    <ClCompile Include="$(ProjectDir)code\Common\VertexTriangleAdjacency.cpp">
      <Filter>Common</Filter>
    </ClCompile>
    <ClCompile Include="$(ProjectDir)code\Common\ZipArchiveIOSystem.cpp">
      <Filter>Common</Filter>
    </ClCompile>
    <ClCompile Include="$(ProjectDir)code\PostProcessing\ArmaturePopulate.cpp">
      <Filter>PostProcessing</Filter>
    </ClCompile>
    <ClCompile Include="$(ProjectDir)code\PostProcessing\CalcTangentsProcess.cpp">
      <Filter>PostProcessing</Filter>
    </ClCompile>
    <ClCompile Include="$(ProjectDir)code\PostProcessing\ComputeUVMappingProcess.cpp">
      <Filter>PostProcessing</Filter>
    </ClCompile>
    <ClCompile Include="$(ProjectDir)code\PostProcessing\ConvertToLHProcess.cpp">
      <Filter>PostProcessing</Filter>
    </ClCompile>
    <ClCompile Include="$(ProjectDir)code\PostProcessing\DeboneProcess.cpp">
      <Filter>PostProcessing</Filter>
    </ClCompile>
    <ClCompile Include="$(ProjectDir)code\PostProcessing\DropFaceNormalsProcess.cpp">
      <Filter>PostProcessing</Filter>
    </ClCompile>
    <ClCompile Include="$(ProjectDir)code\PostProcessing\EmbedTexturesProcess.cpp">
      <Filter>PostProcessing</Filter>
    </ClCompile>
    <ClCompile Include="$(ProjectDir)code\PostProcessing\FindDegenerates.cpp">
      <Filter>PostProcessing</Filter>
    </ClCompile>
    <ClCompile Include="$(ProjectDir)code\PostProcessing\FindInstancesProcess.cpp">
      <Filter>PostProcessing</Filter>
    </ClCompile>
    <ClCompile Include="$(ProjectDir)code\PostProcessing\FindInvalidDataProcess.cpp">
      <Filter>PostProcessing</Filter>
    </ClCompile>
    <ClCompile Include="$(ProjectDir)code\PostProcessing\FixNormalsStep.cpp">
      <Filter>PostProcessing</Filter>
    </ClCompile>
    <ClCompile Include="$(ProjectDir)code\PostProcessing\GenBoundingBoxesProcess.cpp">
      <Filter>PostProcessing</Filter>
    </ClCompile>
    <ClCompile Include="$(ProjectDir)code\PostProcessing\GenFaceNormalsProcess.cpp">
      <Filter>PostProcessing</Filter>
    </ClCompile>
    <ClCompile Include="$(ProjectDir)code\PostProcessing\GenVertexNormalsProcess.cpp">
      <Filter>PostProcessing</Filter>
    </ClCompile>
    <ClCompile Include="$(ProjectDir)code\PostProcessing\ImproveCacheLocality.cpp">
      <Filter>PostProcessing</Filter>
    </ClCompile>
    <ClCompile Include="$(ProjectDir)code\PostProcessing\JoinVerticesProcess.cpp">
      <Filter>PostProcessing</Filter>
    </ClCompile>
    <ClCompile Include="$(ProjectDir)code\PostProcessing\LimitBoneWeightsProcess.cpp">
      <Filter>PostProcessing</Filter>
    </ClCompile>
    <ClCompile Include="$(ProjectDir)code\PostProcessing\MakeVerboseFormat.cpp">
      <Filter>PostProcessing</Filter>
    </ClCompile>
    <ClCompile Include="$(ProjectDir)code\PostProcessing\OptimizeGraph.cpp">
      <Filter>PostProcessing</Filter>
    </ClCompile>
    <ClCompile Include="$(ProjectDir)code\PostProcessing\OptimizeMeshes.cpp">
      <Filter>PostProcessing</Filter>
    </ClCompile>
    <ClCompile Include="$(ProjectDir)code\PostProcessing\PretransformVertices.cpp">
      <Filter>PostProcessing</Filter>
    </ClCompile>
    <ClCompile Include="$(ProjectDir)code\PostProcessing\ProcessHelper.cpp">
      <Filter>PostProcessing</Filter>
    </ClCompile>
    <ClCompile Include="$(ProjectDir)code\PostProcessing\RemoveRedundantMaterials.cpp">
      <Filter>PostProcessing</Filter>
    </ClCompile>
    <ClCompile Include="$(ProjectDir)code\PostProcessing\RemoveVCProcess.cpp">
      <Filter>PostProcessing</Filter>
    </ClCompile>
    <ClCompile Include="$(ProjectDir)code\PostProcessing\ScaleProcess.cpp">
      <Filter>PostProcessing</Filter>
    </ClCompile>
    <ClCompile Include="$(ProjectDir)code\PostProcessing\SortByPTypeProcess.cpp">
      <Filter>PostProcessing</Filter>
    </ClCompile>
    <ClCompile Include="$(ProjectDir)code\PostProcessing\SplitByBoneCountProcess.cpp">
      <Filter>PostProcessing</Filter>
    </ClCompile>
    <ClCompile Include="$(ProjectDir)code\PostProcessing\SplitLargeMeshes.cpp">
      <Filter>PostProcessing</Filter>
    </ClCompile>
    <ClCompile Include="$(ProjectDir)code\PostProcessing\TextureTransform.cpp">
      <Filter>PostProcessing</Filter>
    </ClCompile>
    <ClCompile Include="$(ProjectDir)code\PostProcessing\TriangulateProcess.cpp">
      <Filter>PostProcessing</Filter>
    </ClCompile>
    <ClCompile Include="$(ProjectDir)code\PostProcessing\ValidateDataStructure.cpp">
      <Filter>PostProcessing</Filter>
    </ClCompile>
  </ItemGroup>
  <ItemGroup>
    <ClInclude Include="$(ProjectDir)code\AssetLib\Unreal\UnrealLoader.h">
      <Filter>AssetLib\3D</Filter>
    </ClInclude>
    <ClInclude Include="$(ProjectDir)code\AssetLib\3DS\3DSExporter.h">
      <Filter>AssetLib\3DS</Filter>
    </ClInclude>
    <ClInclude Include="$(ProjectDir)code\AssetLib\3DS\3DSHelper.h">
      <Filter>AssetLib\3DS</Filter>
    </ClInclude>
    <ClInclude Include="$(ProjectDir)code\AssetLib\3DS\3DSLoader.h">
      <Filter>AssetLib\3DS</Filter>
    </ClInclude>
    <ClInclude Include="$(ProjectDir)code\AssetLib\AC\ACLoader.h">
      <Filter>AssetLib\AC</Filter>
    </ClInclude>
    <ClInclude Include="$(ProjectDir)code\AssetLib\AMF\AMFImporter.hpp">
      <Filter>AssetLib\AMF</Filter>
    </ClInclude>
    <ClInclude Include="$(ProjectDir)code\AssetLib\AMF\AMFImporter_Node.hpp">
      <Filter>AssetLib\AMF</Filter>
    </ClInclude>
    <ClInclude Include="$(ProjectDir)code\AssetLib\ASE\ASELoader.h">
      <Filter>AssetLib\ASE</Filter>
    </ClInclude>
    <ClInclude Include="$(ProjectDir)code\AssetLib\ASE\ASEParser.h">
      <Filter>AssetLib\ASE</Filter>
    </ClInclude>
    <ClInclude Include="$(ProjectDir)code\AssetLib\Assbin\AssbinExporter.h">
      <Filter>AssetLib\ASSBIN</Filter>
    </ClInclude>
    <ClInclude Include="$(ProjectDir)code\AssetLib\Assbin\AssbinFileWriter.h">
      <Filter>AssetLib\ASSBIN</Filter>
    </ClInclude>
    <ClInclude Include="$(ProjectDir)code\AssetLib\Assbin\AssbinLoader.h">
      <Filter>AssetLib\ASSBIN</Filter>
    </ClInclude>
    <ClInclude Include="$(ProjectDir)code\AssetLib\Assxml\AssxmlExporter.h">
      <Filter>AssetLib\ASSXML</Filter>
    </ClInclude>
    <ClInclude Include="$(ProjectDir)code\AssetLib\Assxml\AssxmlFileWriter.h">
      <Filter>AssetLib\ASSXML</Filter>
    </ClInclude>
    <ClInclude Include="$(ProjectDir)code\AssetLib\B3D\B3DImporter.h">
      <Filter>AssetLib\B3D</Filter>
    </ClInclude>
    <ClInclude Include="$(ProjectDir)code\AssetLib\Blender\BlenderBMesh.h">
      <Filter>AssetLib\BLEND</Filter>
    </ClInclude>
    <ClInclude Include="$(ProjectDir)code\AssetLib\Blender\BlenderCustomData.h">
      <Filter>AssetLib\BLEND</Filter>
    </ClInclude>
    <ClInclude Include="$(ProjectDir)code\AssetLib\Blender\BlenderDNA.h">
      <Filter>AssetLib\BLEND</Filter>
    </ClInclude>
    <ClInclude Include="$(ProjectDir)code\AssetLib\Blender\BlenderDNA.inl">
      <Filter>AssetLib\BLEND</Filter>
    </ClInclude>
    <ClInclude Include="$(ProjectDir)code\AssetLib\Blender\BlenderIntermediate.h">
      <Filter>AssetLib\BLEND</Filter>
    </ClInclude>
    <ClInclude Include="$(ProjectDir)code\AssetLib\Blender\BlenderLoader.h">
      <Filter>AssetLib\BLEND</Filter>
    </ClInclude>
    <ClInclude Include="$(ProjectDir)code\AssetLib\Blender\BlenderModifier.h">
      <Filter>AssetLib\BLEND</Filter>
    </ClInclude>
    <ClInclude Include="$(ProjectDir)code\AssetLib\Blender\BlenderScene.h">
      <Filter>AssetLib\BLEND</Filter>
    </ClInclude>
    <ClInclude Include="$(ProjectDir)code\AssetLib\Blender\BlenderSceneGen.h">
      <Filter>AssetLib\BLEND</Filter>
    </ClInclude>
    <ClInclude Include="$(ProjectDir)code\AssetLib\Blender\BlenderTessellator.h">
      <Filter>AssetLib\BLEND</Filter>
    </ClInclude>
    <ClInclude Include="$(ProjectDir)code\AssetLib\BVH\BVHLoader.h">
      <Filter>AssetLib\BVH</Filter>
    </ClInclude>
    <ClInclude Include="$(ProjectDir)code\AssetLib\COB\COBLoader.h">
      <Filter>AssetLib\COB</Filter>
    </ClInclude>
    <ClInclude Include="$(ProjectDir)code\AssetLib\COB\COBScene.h">
      <Filter>AssetLib\COB</Filter>
    </ClInclude>
    <ClInclude Include="$(ProjectDir)code\AssetLib\Collada\ColladaExporter.h">
      <Filter>AssetLib\COLLADA</Filter>
    </ClInclude>
    <ClInclude Include="$(ProjectDir)code\AssetLib\Collada\ColladaHelper.h">
      <Filter>AssetLib\COLLADA</Filter>
    </ClInclude>
    <ClInclude Include="$(ProjectDir)code\AssetLib\Collada\ColladaLoader.h">
      <Filter>AssetLib\COLLADA</Filter>
    </ClInclude>
    <ClInclude Include="$(ProjectDir)code\AssetLib\Collada\ColladaParser.h">
      <Filter>AssetLib\COLLADA</Filter>
    </ClInclude>
    <ClInclude Include="$(ProjectDir)code\AssetLib\CSM\CSMLoader.h">
      <Filter>AssetLib\CSM</Filter>
    </ClInclude>
    <ClInclude Include="$(ProjectDir)code\AssetLib\DXF\DXFHelper.h">
      <Filter>AssetLib\DXF</Filter>
    </ClInclude>
    <ClInclude Include="$(ProjectDir)code\AssetLib\DXF\DXFLoader.h">
      <Filter>AssetLib\DXF</Filter>
    </ClInclude>
    <ClInclude Include="$(ProjectDir)code\AssetLib\FBX\FBXCompileConfig.h">
      <Filter>AssetLib\FBX</Filter>
    </ClInclude>
    <ClInclude Include="$(ProjectDir)code\AssetLib\FBX\FBXCommon.h">
      <Filter>AssetLib\FBX</Filter>
    </ClInclude>
    <ClInclude Include="$(ProjectDir)code\AssetLib\FBX\FBXConverter.h">
      <Filter>AssetLib\FBX</Filter>
    </ClInclude>
    <ClInclude Include="$(ProjectDir)code\AssetLib\FBX\FBXDocument.h">
      <Filter>AssetLib\FBX</Filter>
    </ClInclude>
    <ClInclude Include="$(ProjectDir)code\AssetLib\FBX\FBXExporter.h">
      <Filter>AssetLib\FBX</Filter>
    </ClInclude>
    <ClInclude Include="$(ProjectDir)code\AssetLib\FBX\FBXExportNode.h">
      <Filter>AssetLib\FBX</Filter>
    </ClInclude>
    <ClInclude Include="$(ProjectDir)code\AssetLib\FBX\FBXExportProperty.h">
      <Filter>AssetLib\FBX</Filter>
    </ClInclude>
    <ClInclude Include="$(ProjectDir)code\AssetLib\FBX\FBXImporter.h">
      <Filter>AssetLib\FBX</Filter>
    </ClInclude>
    <ClInclude Include="$(ProjectDir)code\AssetLib\FBX\FBXImportSettings.h">
      <Filter>AssetLib\FBX</Filter>
    </ClInclude>
    <ClInclude Include="$(ProjectDir)code\AssetLib\FBX\FBXMeshGeometry.h">
      <Filter>AssetLib\FBX</Filter>
    </ClInclude>
    <ClInclude Include="$(ProjectDir)code\AssetLib\FBX\FBXParser.h">
      <Filter>AssetLib\FBX</Filter>
    </ClInclude>
    <ClInclude Include="$(ProjectDir)code\AssetLib\FBX\FBXProperties.h">
      <Filter>AssetLib\FBX</Filter>
    </ClInclude>
    <ClInclude Include="$(ProjectDir)code\AssetLib\FBX\FBXTokenizer.h">
      <Filter>AssetLib\FBX</Filter>
    </ClInclude>
    <ClInclude Include="$(ProjectDir)code\AssetLib\FBX\FBXUtil.h">
      <Filter>AssetLib\FBX</Filter>
    </ClInclude>
    <ClInclude Include="$(ProjectDir)code\AssetLib\glTF2\glTF2Asset.h">
      <Filter>AssetLib\GLTF</Filter>
    </ClInclude>
    <ClInclude Include="$(ProjectDir)code\AssetLib\glTF2\glTF2Asset.inl">
      <Filter>AssetLib\GLTF</Filter>
    </ClInclude>
    <ClInclude Include="$(ProjectDir)code\AssetLib\glTF2\glTF2AssetWriter.h">
      <Filter>AssetLib\GLTF</Filter>
    </ClInclude>
    <ClInclude Include="$(ProjectDir)code\AssetLib\glTF2\glTF2AssetWriter.inl">
      <Filter>AssetLib\GLTF</Filter>
    </ClInclude>
    <ClInclude Include="$(ProjectDir)code\AssetLib\glTF2\glTF2Exporter.h">
      <Filter>AssetLib\GLTF</Filter>
    </ClInclude>
    <ClInclude Include="$(ProjectDir)code\AssetLib\glTF2\glTF2Importer.h">
      <Filter>AssetLib\GLTF</Filter>
    </ClInclude>
    <ClInclude Include="$(ProjectDir)code\AssetLib\glTF\glTFAsset.h">
      <Filter>AssetLib\GLTF</Filter>
    </ClInclude>
    <ClInclude Include="$(ProjectDir)code\AssetLib\glTF\glTFAsset.inl">
      <Filter>AssetLib\GLTF</Filter>
    </ClInclude>
    <ClInclude Include="$(ProjectDir)code\AssetLib\glTF\glTFAssetWriter.h">
      <Filter>AssetLib\GLTF</Filter>
    </ClInclude>
    <ClInclude Include="$(ProjectDir)code\AssetLib\glTF\glTFAssetWriter.inl">
      <Filter>AssetLib\GLTF</Filter>
    </ClInclude>
    <ClInclude Include="$(ProjectDir)code\AssetLib\glTF\glTFCommon.h">
      <Filter>AssetLib\GLTF</Filter>
    </ClInclude>
    <ClInclude Include="$(ProjectDir)code\AssetLib\glTF\glTFExporter.h">
      <Filter>AssetLib\GLTF</Filter>
    </ClInclude>
    <ClInclude Include="$(ProjectDir)code\AssetLib\glTF\glTFImporter.h">
      <Filter>AssetLib\GLTF</Filter>
    </ClInclude>
    <ClInclude Include="$(ProjectDir)code\AssetLib\HMP\HalfLifeFileData.h">
      <Filter>AssetLib\HMP</Filter>
    </ClInclude>
    <ClInclude Include="$(ProjectDir)code\AssetLib\HMP\HMPFileData.h">
      <Filter>AssetLib\HMP</Filter>
    </ClInclude>
    <ClInclude Include="$(ProjectDir)code\AssetLib\HMP\HMPLoader.h">
      <Filter>AssetLib\HMP</Filter>
    </ClInclude>
    <ClInclude Include="$(ProjectDir)code\AssetLib\IFC\IFCLoader.h">
      <Filter>AssetLib\IFC</Filter>
    </ClInclude>
    <ClInclude Include="$(ProjectDir)code\AssetLib\IFC\IFCReaderGen_2x3.h">
      <Filter>AssetLib\IFC</Filter>
    </ClInclude>
    <ClInclude Include="$(ProjectDir)code\AssetLib\IFC\IFCUtil.h">
      <Filter>AssetLib\IFC</Filter>
    </ClInclude>
    <ClInclude Include="$(ProjectDir)code\AssetLib\IQM\iqm.h">
      <Filter>AssetLib\IQM</Filter>
    </ClInclude>
    <ClInclude Include="$(ProjectDir)code\AssetLib\IQM\IQMImporter.h">
      <Filter>AssetLib\IQM</Filter>
    </ClInclude>
    <ClInclude Include="$(ProjectDir)code\AssetLib\Irr\IRRLoader.h">
      <Filter>AssetLib\IRR</Filter>
    </ClInclude>
    <ClInclude Include="$(ProjectDir)code\AssetLib\Irr\IRRMeshLoader.h">
      <Filter>AssetLib\IRRMESH</Filter>
    </ClInclude>
    <ClInclude Include="$(ProjectDir)code\AssetLib\Irr\IRRShared.h">
      <Filter>AssetLib\IRRMESH</Filter>
    </ClInclude>
    <ClInclude Include="$(ProjectDir)code\AssetLib\LWO\LWOAnimation.h">
      <Filter>AssetLib\LWO</Filter>
    </ClInclude>
    <ClInclude Include="$(ProjectDir)code\AssetLib\LWO\LWOFileData.h">
      <Filter>AssetLib\LWO</Filter>
    </ClInclude>
    <ClInclude Include="$(ProjectDir)code\AssetLib\LWO\LWOLoader.h">
      <Filter>AssetLib\LWO</Filter>
    </ClInclude>
    <ClInclude Include="$(ProjectDir)code\AssetLib\LWS\LWSLoader.h">
      <Filter>AssetLib\LWS</Filter>
    </ClInclude>
    <ClInclude Include="$(ProjectDir)code\AssetLib\M3D\m3d.h">
      <Filter>AssetLib\M3D</Filter>
    </ClInclude>
    <ClInclude Include="$(ProjectDir)code\AssetLib\M3D\M3DExporter.h">
      <Filter>AssetLib\M3D</Filter>
    </ClInclude>
    <ClInclude Include="$(ProjectDir)code\AssetLib\M3D\M3DImporter.h">
      <Filter>AssetLib\M3D</Filter>
    </ClInclude>
    <ClInclude Include="$(ProjectDir)code\AssetLib\M3D\M3DMaterials.h">
      <Filter>AssetLib\M3D</Filter>
    </ClInclude>
    <ClInclude Include="$(ProjectDir)code\AssetLib\M3D\M3DWrapper.h">
      <Filter>AssetLib\M3D</Filter>
    </ClInclude>
    <ClInclude Include="$(ProjectDir)code\AssetLib\MD2\MD2FileData.h">
      <Filter>AssetLib\MD2</Filter>
    </ClInclude>
    <ClInclude Include="$(ProjectDir)code\AssetLib\MD2\MD2Loader.h">
      <Filter>AssetLib\MD2</Filter>
    </ClInclude>
    <ClInclude Include="$(ProjectDir)code\AssetLib\MD2\MD2NormalTable.h">
      <Filter>AssetLib\MD2</Filter>
    </ClInclude>
    <ClInclude Include="$(ProjectDir)code\AssetLib\MD3\MD3FileData.h">
      <Filter>AssetLib\MD3</Filter>
    </ClInclude>
    <ClInclude Include="$(ProjectDir)code\AssetLib\MD3\MD3Loader.h">
      <Filter>AssetLib\MD3</Filter>
    </ClInclude>
    <ClInclude Include="$(ProjectDir)code\AssetLib\MD5\MD5Loader.h">
      <Filter>AssetLib\MD5</Filter>
    </ClInclude>
    <ClInclude Include="$(ProjectDir)code\AssetLib\MD5\MD5Parser.h">
      <Filter>AssetLib\MD5</Filter>
    </ClInclude>
    <ClInclude Include="$(ProjectDir)code\AssetLib\MDC\MDCFileData.h">
      <Filter>AssetLib\MDC</Filter>
    </ClInclude>
    <ClInclude Include="$(ProjectDir)code\AssetLib\MDC\MDCLoader.h">
      <Filter>AssetLib\MDC</Filter>
    </ClInclude>
    <ClInclude Include="$(ProjectDir)code\AssetLib\MDC\MDCNormalTable.h">
      <Filter>AssetLib\MDC</Filter>
    </ClInclude>
    <ClInclude Include="$(ProjectDir)code\AssetLib\MMD\MMDCpp14.h">
      <Filter>AssetLib\MMD</Filter>
    </ClInclude>
    <ClInclude Include="$(ProjectDir)code\AssetLib\MMD\MMDImporter.h">
      <Filter>AssetLib\MMD</Filter>
    </ClInclude>
    <ClInclude Include="$(ProjectDir)code\AssetLib\MMD\MMDPmdParser.h">
      <Filter>AssetLib\MMD</Filter>
    </ClInclude>
    <ClInclude Include="$(ProjectDir)code\AssetLib\MMD\MMDPmxParser.h">
      <Filter>AssetLib\MMD</Filter>
    </ClInclude>
    <ClInclude Include="$(ProjectDir)code\AssetLib\MMD\MMDVmdParser.h">
      <Filter>AssetLib\MMD</Filter>
    </ClInclude>
    <ClInclude Include="$(ProjectDir)code\AssetLib\MS3D\MS3DLoader.h">
      <Filter>AssetLib\MS3D</Filter>
    </ClInclude>
    <ClInclude Include="$(ProjectDir)code\AssetLib\NDO\NDOLoader.h">
      <Filter>AssetLib\NDO</Filter>
    </ClInclude>
    <ClInclude Include="$(ProjectDir)code\AssetLib\NFF\NFFLoader.h">
      <Filter>AssetLib\NFF</Filter>
    </ClInclude>
    <ClInclude Include="code\AssetLib\Obj\ObjExporter.h">
      <Filter>AssetLib\OBJ</Filter>
    </ClInclude>
    <ClInclude Include="code\AssetLib\Obj\ObjFileData.h">
      <Filter>AssetLib\OBJ</Filter>
    </ClInclude>
    <ClInclude Include="code\AssetLib\Obj\ObjFileImporter.h">
      <Filter>AssetLib\OBJ</Filter>
    </ClInclude>
    <ClInclude Include="code\AssetLib\Obj\ObjFileMtlImporter.h">
      <Filter>AssetLib\OBJ</Filter>
    </ClInclude>
    <ClInclude Include="code\AssetLib\Obj\ObjFileParser.h">
      <Filter>AssetLib\OBJ</Filter>
    </ClInclude>
    <ClInclude Include="code\AssetLib\Obj\ObjTools.h">
      <Filter>AssetLib\OBJ</Filter>
    </ClInclude>
    <ClInclude Include="$(ProjectDir)code\AssetLib\OFF\OFFLoader.h">
      <Filter>AssetLib\OFF</Filter>
    </ClInclude>
    <ClInclude Include="$(ProjectDir)code\AssetLib\Ogre\OgreBinarySerializer.h">
      <Filter>AssetLib\OGRE</Filter>
    </ClInclude>
    <ClInclude Include="$(ProjectDir)code\AssetLib\Ogre\OgreImporter.h">
      <Filter>AssetLib\OGRE</Filter>
    </ClInclude>
    <ClInclude Include="$(ProjectDir)code\AssetLib\Ogre\OgreParsingUtils.h">
      <Filter>AssetLib\OGRE</Filter>
    </ClInclude>
    <ClInclude Include="$(ProjectDir)code\AssetLib\Ogre\OgreStructs.h">
      <Filter>AssetLib\OGRE</Filter>
    </ClInclude>
    <ClInclude Include="$(ProjectDir)code\AssetLib\Ogre\OgreXmlSerializer.h">
      <Filter>AssetLib\OGRE</Filter>
    </ClInclude>
    <ClInclude Include="$(ProjectDir)code\AssetLib\OpenGEX\OpenGEXExporter.h">
      <Filter>AssetLib\OPENGEX</Filter>
    </ClInclude>
    <ClInclude Include="$(ProjectDir)code\AssetLib\OpenGEX\OpenGEXImporter.h">
      <Filter>AssetLib\OPENGEX</Filter>
    </ClInclude>
    <ClInclude Include="$(ProjectDir)code\AssetLib\OpenGEX\OpenGEXStructs.h">
      <Filter>AssetLib\OPENGEX</Filter>
    </ClInclude>
    <ClInclude Include="$(ProjectDir)code\AssetLib\Ply\PlyParser.h">
      <Filter>AssetLib\PLY</Filter>
    </ClInclude>
    <ClInclude Include="$(ProjectDir)code\AssetLib\Ply\PlyLoader.h">
      <Filter>AssetLib\PLY</Filter>
    </ClInclude>
    <ClInclude Include="$(ProjectDir)code\AssetLib\Ply\PlyExporter.h">
      <Filter>AssetLib\PLY</Filter>
    </ClInclude>
    <ClInclude Include="$(ProjectDir)code\Pbrt\PbrtExporter.h">
      <Filter>AssetLib\PBRT</Filter>
    </ClInclude>
    <ClInclude Include="$(ProjectDir)code\AssetLib\Q3BSP\Q3BSPFileData.h">
      <Filter>AssetLib\Q3BSP</Filter>
    </ClInclude>
    <ClInclude Include="$(ProjectDir)code\AssetLib\Q3BSP\Q3BSPFileImporter.h">
      <Filter>AssetLib\Q3BSP</Filter>
    </ClInclude>
    <ClInclude Include="$(ProjectDir)code\AssetLib\Q3BSP\Q3BSPFileParser.h">
      <Filter>AssetLib\Q3BSP</Filter>
    </ClInclude>
    <ClInclude Include="$(ProjectDir)code\AssetLib\Q3D\Q3DLoader.h">
      <Filter>AssetLib\Q3D</Filter>
    </ClInclude>
    <ClInclude Include="$(ProjectDir)code\AssetLib\Raw\RawLoader.h">
      <Filter>AssetLib\RAW</Filter>
    </ClInclude>
    <ClInclude Include="$(ProjectDir)code\AssetLib\SIB\SIBImporter.h">
      <Filter>AssetLib\SIB</Filter>
    </ClInclude>
    <ClInclude Include="$(ProjectDir)code\AssetLib\SMD\SMDLoader.h">
      <Filter>AssetLib\SMD</Filter>
    </ClInclude>
    <ClInclude Include="$(ProjectDir)code\AssetLib\STL\STLExporter.h">
      <Filter>AssetLib\STL</Filter>
    </ClInclude>
    <ClInclude Include="$(ProjectDir)code\AssetLib\STL\STLLoader.h">
      <Filter>AssetLib\STL</Filter>
    </ClInclude>
    <ClInclude Include="$(ProjectDir)code\AssetLib\Step\StepExporter.h">
      <Filter>AssetLib\STEP</Filter>
    </ClInclude>
    <ClInclude Include="$(ProjectDir)code\AssetLib\X\XFileExporter.h">
      <Filter>AssetLib\X</Filter>
    </ClInclude>
    <ClInclude Include="$(ProjectDir)code\AssetLib\X\XFileHelper.h">
      <Filter>AssetLib\X</Filter>
    </ClInclude>
    <ClInclude Include="$(ProjectDir)code\AssetLib\X\XFileImporter.h">
      <Filter>AssetLib\X</Filter>
    </ClInclude>
    <ClInclude Include="$(ProjectDir)code\AssetLib\X\XFileParser.h">
      <Filter>AssetLib\X</Filter>
    </ClInclude>
    <ClInclude Include="$(ProjectDir)code\AssetLib\XGL\XGLLoader.h">
      <Filter>AssetLib\XGL</Filter>
    </ClInclude>
    <ClInclude Include="$(ProjectDir)code\AssetLib\X3D\X3DExporter.hpp">
      <Filter>AssetLib\X3D</Filter>
    </ClInclude>
    <ClInclude Include="$(ProjectDir)code\AssetLib\X3D\X3DGeoHelper.h">
      <Filter>AssetLib\X3D</Filter>
    </ClInclude>
    <ClInclude Include="$(ProjectDir)code\AssetLib\X3D\X3DImporter.hpp">
      <Filter>AssetLib\X3D</Filter>
    </ClInclude>
    <ClInclude Include="$(ProjectDir)code\AssetLib\X3D\X3DImporter_Macro.hpp">
      <Filter>AssetLib\X3D</Filter>
    </ClInclude>
    <ClInclude Include="$(ProjectDir)code\AssetLib\X3D\X3DImporter_Node.hpp">
      <Filter>AssetLib\X3D</Filter>
    </ClInclude>
    <ClInclude Include="$(ProjectDir)code\AssetLib\X3D\X3DXmlHelper.h">
      <Filter>AssetLib\X3D</Filter>
    </ClInclude>
    <ClInclude Include="$(ProjectDir)code\AssetLib\Terragen\TerragenLoader.h">
      <Filter>AssetLib\TERRAGEN</Filter>
    </ClInclude>
    <ClInclude Include="$(ProjectDir)code\CApi\CInterfaceIOWrapper.h">
      <Filter>CApi</Filter>
    </ClInclude>
    <ClInclude Include="$(ProjectDir)include\assimp\Compiler\poppack1.h">
      <Filter>Compiler</Filter>
    </ClInclude>
    <ClInclude Include="$(ProjectDir)include\assimp\Compiler\pstdint.h">
      <Filter>Compiler</Filter>
    </ClInclude>
    <ClInclude Include="$(ProjectDir)include\assimp\Compiler\pushpack1.h">
      <Filter>Compiler</Filter>
    </ClInclude>
    <ClInclude Include="$(ProjectDir)contrib\clipper\clipper.hpp">
      <Filter>Contrib\Clipper</Filter>
    </ClInclude>
    <ClInclude Include="$(ProjectDir)contrib\Open3DGC\o3dgcAdjacencyInfo.h">
      <Filter>Contrib\open3dgc</Filter>
    </ClInclude>
    <ClInclude Include="$(ProjectDir)contrib\Open3DGC\o3dgcArithmeticCodec.h">
      <Filter>Contrib\open3dgc</Filter>
    </ClInclude>
    <ClInclude Include="$(ProjectDir)contrib\Open3DGC\o3dgcBinaryStream.h">
      <Filter>Contrib\open3dgc</Filter>
    </ClInclude>
    <ClInclude Include="$(ProjectDir)contrib\Open3DGC\o3dgcCommon.h">
      <Filter>Contrib\open3dgc</Filter>
    </ClInclude>
    <ClInclude Include="$(ProjectDir)contrib\Open3DGC\o3dgcDVEncodeParams.h">
      <Filter>Contrib\open3dgc</Filter>
    </ClInclude>
    <ClInclude Include="$(ProjectDir)contrib\Open3DGC\o3dgcDynamicVector.h">
      <Filter>Contrib\open3dgc</Filter>
    </ClInclude>
    <ClInclude Include="$(ProjectDir)contrib\Open3DGC\o3dgcDynamicVectorDecoder.h">
      <Filter>Contrib\open3dgc</Filter>
    </ClInclude>
    <ClInclude Include="$(ProjectDir)contrib\Open3DGC\o3dgcDynamicVectorEncoder.h">
      <Filter>Contrib\open3dgc</Filter>
    </ClInclude>
    <ClInclude Include="$(ProjectDir)contrib\Open3DGC\o3dgcFIFO.h">
      <Filter>Contrib\open3dgc</Filter>
    </ClInclude>
    <ClInclude Include="$(ProjectDir)contrib\Open3DGC\o3dgcIndexedFaceSet.h">
      <Filter>Contrib\open3dgc</Filter>
    </ClInclude>
    <ClInclude Include="$(ProjectDir)contrib\Open3DGC\o3dgcIndexedFaceSet.inl">
      <Filter>Contrib\open3dgc</Filter>
    </ClInclude>
    <ClInclude Include="$(ProjectDir)contrib\Open3DGC\o3dgcSC3DMCDecoder.h">
      <Filter>Contrib\open3dgc</Filter>
    </ClInclude>
    <ClInclude Include="$(ProjectDir)contrib\Open3DGC\o3dgcSC3DMCDecoder.inl">
      <Filter>Contrib\open3dgc</Filter>
    </ClInclude>
    <ClInclude Include="$(ProjectDir)contrib\Open3DGC\o3dgcSC3DMCEncodeParams.h">
      <Filter>Contrib\open3dgc</Filter>
    </ClInclude>
    <ClInclude Include="$(ProjectDir)contrib\Open3DGC\o3dgcSC3DMCEncoder.h">
      <Filter>Contrib\open3dgc</Filter>
    </ClInclude>
    <ClInclude Include="$(ProjectDir)contrib\Open3DGC\o3dgcSC3DMCEncoder.inl">
      <Filter>Contrib\open3dgc</Filter>
    </ClInclude>
    <ClInclude Include="$(ProjectDir)contrib\Open3DGC\o3dgcTimer.h">
      <Filter>Contrib\open3dgc</Filter>
    </ClInclude>
    <ClInclude Include="$(ProjectDir)contrib\Open3DGC\o3dgcTriangleFans.h">
      <Filter>Contrib\open3dgc</Filter>
    </ClInclude>
    <ClInclude Include="$(ProjectDir)contrib\Open3DGC\o3dgcTriangleListDecoder.h">
      <Filter>Contrib\open3dgc</Filter>
    </ClInclude>
    <ClInclude Include="$(ProjectDir)contrib\Open3DGC\o3dgcTriangleListDecoder.inl">
      <Filter>Contrib\open3dgc</Filter>
    </ClInclude>
    <ClInclude Include="$(ProjectDir)contrib\Open3DGC\o3dgcTriangleListEncoder.h">
      <Filter>Contrib\open3dgc</Filter>
    </ClInclude>
    <ClInclude Include="$(ProjectDir)contrib\Open3DGC\o3dgcTriangleListEncoder.inl">
      <Filter>Contrib\open3dgc</Filter>
    </ClInclude>
    <ClInclude Include="$(ProjectDir)contrib\Open3DGC\o3dgcVector.h">
      <Filter>Contrib\open3dgc</Filter>
    </ClInclude>
    <ClInclude Include="$(ProjectDir)contrib\Open3DGC\o3dgcVector.inl">
      <Filter>Contrib\open3dgc</Filter>
    </ClInclude>
    <ClInclude Include="$(ProjectDir)contrib\openddlparser\include\openddlparser\OpenDDLCommon.h">
      <Filter>Contrib\openddl_parser</Filter>
    </ClInclude>
    <ClInclude Include="$(ProjectDir)contrib\openddlparser\include\openddlparser\OpenDDLExport.h">
      <Filter>Contrib\openddl_parser</Filter>
    </ClInclude>
    <ClInclude Include="$(ProjectDir)contrib\openddlparser\include\openddlparser\OpenDDLParser.h">
      <Filter>Contrib\openddl_parser</Filter>
    </ClInclude>
    <ClInclude Include="$(ProjectDir)contrib\openddlparser\include\openddlparser\OpenDDLParserUtils.h">
      <Filter>Contrib\openddl_parser</Filter>
    </ClInclude>
    <ClInclude Include="$(ProjectDir)contrib\openddlparser\include\openddlparser\OpenDDLStream.h">
      <Filter>Contrib\openddl_parser</Filter>
    </ClInclude>
    <ClInclude Include="$(ProjectDir)contrib\openddlparser\include\openddlparser\Value.h">
      <Filter>Contrib\openddl_parser</Filter>
    </ClInclude>
    <ClInclude Include="$(ProjectDir)contrib\openddlparser\include\openddlparser\DDLNode.h">
      <Filter>Contrib\openddl_parser</Filter>
    </ClInclude>
    <ClInclude Include="$(ProjectDir)contrib\pugixml\src\pugiconfig.hpp">
      <Filter>Contrib\Pugixml</Filter>
    </ClInclude>
    <ClInclude Include="$(ProjectDir)contrib\pugixml\src\pugixml.hpp">
      <Filter>Contrib\Pugixml</Filter>
    </ClInclude>
    <ClInclude Include="$(ProjectDir)contrib\stb\stb_image.h">
      <Filter>Contrib\stb</Filter>
    </ClInclude>
    <ClInclude Include="$(ProjectDir)contrib\unzip\unzip.h">
      <Filter>Contrib\unzip</Filter>
    </ClInclude>
    <ClInclude Include="$(ProjectDir)contrib\unzip\ioapi.h">
      <Filter>Contrib\unzip</Filter>
    </ClInclude>
    <ClInclude Include="$(ProjectDir)contrib\unzip\crypt.h">
      <Filter>Contrib\unzip</Filter>
    </ClInclude>
    <ClInclude Include="$(ProjectDir)contrib\poly2tri\poly2tri\sweep\advancing_front.h">
      <Filter>Contrib\Poly2Tri</Filter>
    </ClInclude>
    <ClInclude Include="$(ProjectDir)contrib\poly2tri\poly2tri\sweep\cdt.h">
      <Filter>Contrib\Poly2Tri</Filter>
    </ClInclude>
    <ClInclude Include="$(ProjectDir)contrib\poly2tri\poly2tri\common\shapes.h">
      <Filter>Contrib\Poly2Tri</Filter>
    </ClInclude>
    <ClInclude Include="$(ProjectDir)contrib\poly2tri\poly2tri\sweep\sweep.h">
      <Filter>Contrib\Poly2Tri</Filter>
    </ClInclude>
    <ClInclude Include="$(ProjectDir)contrib\poly2tri\poly2tri\sweep\sweep_context.h">
      <Filter>Contrib\Poly2Tri</Filter>
    </ClInclude>
    <ClInclude Include="$(ProjectDir)contrib\poly2tri\poly2tri\common\utils.h">
      <Filter>Contrib\Poly2Tri</Filter>
    </ClInclude>
    <ClInclude Include="$(ProjectDir)code\Common\FileLogStream.h">
      <Filter>Logging</Filter>
    </ClInclude>
    <ClInclude Include="$(ProjectDir)code\Common\StdOStreamLogStream.h">
      <Filter>Logging</Filter>
    </ClInclude>
    <ClInclude Include="$(ProjectDir)code\Common\Win32DebugLogStream.h">
      <Filter>Logging</Filter>
    </ClInclude>
    <ClInclude Include="$(ProjectDir)code\AssetLib\STEPParser\STEPFileEncoding.h">
      <Filter>STEPParser</Filter>
    </ClInclude>
    <ClInclude Include="$(ProjectDir)code\AssetLib\STEPParser\STEPFileReader.h">
      <Filter>STEPParser</Filter>
    </ClInclude>
    <ClInclude Include="$(ProjectDir)contrib\zip\src\zip.h">
      <Filter>ziplib</Filter>
    </ClInclude>
    <ClInclude Include="$(ProjectDir)contrib\zip\src\miniz.h">
      <Filter>ziplib</Filter>
    </ClInclude>
    <ClInclude Include="$(ProjectDir)code\AssetLib\3MF\3MFTypes.h">
      <Filter>AssetLib\3MF</Filter>
    </ClInclude>
    <ClInclude Include="$(ProjectDir)code\AssetLib\3MF\3MFXmlTags.h">
      <Filter>AssetLib\3MF</Filter>
    </ClInclude>
    <ClInclude Include="$(ProjectDir)code\AssetLib\3MF\D3MFExporter.h">
      <Filter>AssetLib\3MF</Filter>
    </ClInclude>
    <ClInclude Include="$(ProjectDir)code\AssetLib\3MF\D3MFImporter.h">
      <Filter>AssetLib\3MF</Filter>
    </ClInclude>
    <ClInclude Include="$(ProjectDir)code\AssetLib\3MF\D3MFOpcPackage.h">
      <Filter>AssetLib\3MF</Filter>
    </ClInclude>
    <ClInclude Include="$(ProjectDir)code\AssetLib\3MF\XmlSerializer.h">
      <Filter>AssetLib\3MF</Filter>
    </ClInclude>
    <ClInclude Include="$(ProjectDir)code\Material\MaterialSystem.h">
      <Filter>MaterialSystem</Filter>
    </ClInclude>
    <ClInclude Include="$(ProjectDir)code\AssetLib\Assjson\cencode.h">
      <Filter>AssetLib\ASSJSON</Filter>
    </ClInclude>
    <ClInclude Include="$(ProjectDir)code\AssetLib\Assjson\mesh_splitter.h">
      <Filter>AssetLib\ASSJSON</Filter>
    </ClInclude>
    <ClInclude Include="$(ProjectDir)code\AssetLib\MDL\MDLDefaultColorMap.h">
      <Filter>AssetLib\MDL</Filter>
    </ClInclude>
    <ClInclude Include="$(ProjectDir)code\AssetLib\MDL\MDLFileData.h">
      <Filter>AssetLib\MDL</Filter>
    </ClInclude>
    <ClInclude Include="$(ProjectDir)code\AssetLib\MDL\MDLLoader.h">
      <Filter>AssetLib\MDL</Filter>
    </ClInclude>
    <ClInclude Include="$(ProjectDir)code\AssetLib\MDL\HalfLife\UniqueNameGenerator.h">
      <Filter>AssetLib\MDL</Filter>
    </ClInclude>
    <ClInclude Include="$(ProjectDir)code\AssetLib\MDL\HalfLife\LogFunctions.h">
      <Filter>AssetLib\MDL</Filter>
    </ClInclude>
    <ClInclude Include="$(ProjectDir)code\AssetLib\MDL\HalfLife\HL1ImportDefinitions.h">
      <Filter>AssetLib\MDL</Filter>
    </ClInclude>
    <ClInclude Include="$(ProjectDir)code\AssetLib\MDL\HalfLife\HL1ImportSettings.h">
      <Filter>AssetLib\MDL</Filter>
    </ClInclude>
    <ClInclude Include="$(ProjectDir)code\AssetLib\MDL\HalfLife\HL1MDLLoader.h">
      <Filter>AssetLib\MDL</Filter>
    </ClInclude>
    <ClInclude Include="$(ProjectDir)code\AssetLib\MDL\HalfLife\HL1MeshTrivert.h">
      <Filter>AssetLib\MDL</Filter>
    </ClInclude>
    <ClInclude Include="$(ProjectDir)code\AssetLib\MDL\HalfLife\HL1FileData.h">
      <Filter>AssetLib\MDL</Filter>
    </ClInclude>
    <ClInclude Include="$(ProjectDir)code\AssetLib\MDL\HalfLife\HalfLifeMDLBaseHeader.h">
      <Filter>AssetLib\MDL</Filter>
    </ClInclude>
    <ClInclude Include="$(ProjectDir)code\Common\DefaultProgressHandler.h">
      <Filter>Common</Filter>
    </ClInclude>
    <ClInclude Include="$(ProjectDir)code\Common\IFF.h">
      <Filter>Common</Filter>
    </ClInclude>
    <ClInclude Include="$(ProjectDir)code\Common\Importer.h">
      <Filter>Common</Filter>
    </ClInclude>
    <ClInclude Include="$(ProjectDir)code\Common\Maybe.h">
      <Filter>Common</Filter>
    </ClInclude>
    <ClInclude Include="$(ProjectDir)code\Common\PolyTools.h">
      <Filter>Common</Filter>
    </ClInclude>
    <ClInclude Include="$(ProjectDir)code\Common\simd.h">
      <Filter>Common</Filter>
    </ClInclude>
    <ClInclude Include="$(ProjectDir)code\Common\StbCommon.h">
      <Filter>Common</Filter>
    </ClInclude>
    <ClInclude Include="$(ProjectDir)code\Common\VertexTriangleAdjacency.h">
      <Filter>Common</Filter>
    </ClInclude>
    <ClInclude Include="$(ProjectDir)code\Common\TargetAnimation.h">
      <Filter>Common</Filter>
    </ClInclude>
    <ClInclude Include="$(ProjectDir)code\Common\Compression.h">
      <Filter>Common</Filter>
    </ClInclude>
    <ClInclude Include="$(ProjectDir)code\PostProcessing\ArmaturePopulate.h">
      <Filter>PostProcessing</Filter>
    </ClInclude>
    <ClInclude Include="$(ProjectDir)code\PostProcessing\CalcTangentsProcess.h">
      <Filter>PostProcessing</Filter>
    </ClInclude>
    <ClInclude Include="$(ProjectDir)code\PostProcessing\ComputeUVMappingProcess.h">
      <Filter>PostProcessing</Filter>
    </ClInclude>
    <ClInclude Include="$(ProjectDir)code\PostProcessing\ConvertToLHProcess.h">
      <Filter>PostProcessing</Filter>
    </ClInclude>
    <ClInclude Include="$(ProjectDir)code\PostProcessing\DeboneProcess.h">
      <Filter>PostProcessing</Filter>
    </ClInclude>
    <ClInclude Include="$(ProjectDir)code\PostProcessing\DropFaceNormalsProcess.h">
      <Filter>PostProcessing</Filter>
    </ClInclude>
    <ClInclude Include="$(ProjectDir)code\PostProcessing\EmbedTexturesProcess.h">
      <Filter>PostProcessing</Filter>
    </ClInclude>
    <ClInclude Include="$(ProjectDir)code\PostProcessing\FindDegenerates.h">
      <Filter>PostProcessing</Filter>
    </ClInclude>
    <ClInclude Include="$(ProjectDir)code\PostProcessing\FindInstancesProcess.h">
      <Filter>PostProcessing</Filter>
    </ClInclude>
    <ClInclude Include="$(ProjectDir)code\PostProcessing\FindInvalidDataProcess.h">
      <Filter>PostProcessing</Filter>
    </ClInclude>
    <ClInclude Include="$(ProjectDir)code\PostProcessing\FixNormalsStep.h">
      <Filter>PostProcessing</Filter>
    </ClInclude>
    <ClInclude Include="$(ProjectDir)code\PostProcessing\GenBoundingBoxesProcess.h">
      <Filter>PostProcessing</Filter>
    </ClInclude>
    <ClInclude Include="$(ProjectDir)code\PostProcessing\GenFaceNormalsProcess.h">
      <Filter>PostProcessing</Filter>
    </ClInclude>
    <ClInclude Include="$(ProjectDir)code\PostProcessing\GenVertexNormalsProcess.h">
      <Filter>PostProcessing</Filter>
    </ClInclude>
    <ClInclude Include="$(ProjectDir)code\PostProcessing\ImproveCacheLocality.h">
      <Filter>PostProcessing</Filter>
    </ClInclude>
    <ClInclude Include="$(ProjectDir)code\PostProcessing\JoinVerticesProcess.h">
      <Filter>PostProcessing</Filter>
    </ClInclude>
    <ClInclude Include="$(ProjectDir)code\PostProcessing\LimitBoneWeightsProcess.h">
      <Filter>PostProcessing</Filter>
    </ClInclude>
    <ClInclude Include="$(ProjectDir)code\PostProcessing\MakeVerboseFormat.h">
      <Filter>PostProcessing</Filter>
    </ClInclude>
    <ClInclude Include="$(ProjectDir)code\PostProcessing\OptimizeGraph.h">
      <Filter>PostProcessing</Filter>
    </ClInclude>
    <ClInclude Include="$(ProjectDir)code\PostProcessing\OptimizeMeshes.h">
      <Filter>PostProcessing</Filter>
    </ClInclude>
    <ClInclude Include="$(ProjectDir)code\PostProcessing\PretransformVertices.h">
      <Filter>PostProcessing</Filter>
    </ClInclude>
    <ClInclude Include="$(ProjectDir)code\PostProcessing\ProcessHelper.h">
      <Filter>PostProcessing</Filter>
    </ClInclude>
    <ClInclude Include="$(ProjectDir)code\PostProcessing\RemoveRedundantMaterials.h">
      <Filter>PostProcessing</Filter>
    </ClInclude>
    <ClInclude Include="$(ProjectDir)code\PostProcessing\RemoveVCProcess.h">
      <Filter>PostProcessing</Filter>
    </ClInclude>
    <ClInclude Include="$(ProjectDir)code\PostProcessing\ScaleProcess.h">
      <Filter>PostProcessing</Filter>
    </ClInclude>
    <ClInclude Include="$(ProjectDir)code\PostProcessing\SortByPTypeProcess.h">
      <Filter>PostProcessing</Filter>
    </ClInclude>
    <ClInclude Include="$(ProjectDir)code\PostProcessing\SplitByBoneCountProcess.h">
      <Filter>PostProcessing</Filter>
    </ClInclude>
    <ClInclude Include="$(ProjectDir)code\PostProcessing\SplitLargeMeshes.h">
      <Filter>PostProcessing</Filter>
    </ClInclude>
    <ClInclude Include="$(ProjectDir)code\PostProcessing\TextureTransform.h">
      <Filter>PostProcessing</Filter>
    </ClInclude>
    <ClInclude Include="$(ProjectDir)code\PostProcessing\TriangulateProcess.h">
      <Filter>PostProcessing</Filter>
    </ClInclude>
    <ClInclude Include="$(ProjectDir)code\PostProcessing\ValidateDataStructure.h">
      <Filter>PostProcessing</Filter>
    </ClInclude>
    <ClInclude Include="$(ProjectDir)include\assimp\aabb.h">
      <Filter>include\assimp</Filter>
    </ClInclude>
    <ClInclude Include="$(ProjectDir)include\assimp\ai_assert.h">
      <Filter>include\assimp</Filter>
    </ClInclude>
    <ClInclude Include="$(ProjectDir)include\assimp\anim.h">
      <Filter>include\assimp</Filter>
    </ClInclude>
    <ClInclude Include="$(ProjectDir)include\assimp\Base64.hpp">
      <Filter>include\assimp</Filter>
    </ClInclude>
    <ClInclude Include="$(ProjectDir)include\assimp\BaseImporter.h">
      <Filter>include\assimp</Filter>
    </ClInclude>
    <ClInclude Include="$(ProjectDir)code\Common\BaseProcess.h">
      <Filter>include\assimp</Filter>
    </ClInclude>
    <ClInclude Include="$(ProjectDir)include\assimp\BlobIOSystem.h">
      <Filter>include\assimp</Filter>
    </ClInclude>
    <ClInclude Include="$(ProjectDir)include\assimp\Bitmap.h">
      <Filter>include\assimp</Filter>
    </ClInclude>
    <ClInclude Include="$(ProjectDir)include\assimp\ByteSwapper.h">
      <Filter>include\assimp</Filter>
    </ClInclude>
    <ClInclude Include="$(ProjectDir)include\assimp\camera.h">
      <Filter>include\assimp</Filter>
    </ClInclude>
    <ClInclude Include="$(ProjectDir)include\assimp\cexport.h">
      <Filter>include\assimp</Filter>
    </ClInclude>
    <ClInclude Include="$(ProjectDir)include\assimp\cfileio.h">
      <Filter>include\assimp</Filter>
    </ClInclude>
    <ClInclude Include="$(ProjectDir)include\assimp\cimport.h">
      <Filter>include\assimp</Filter>
    </ClInclude>
    <ClInclude Include="$(ProjectDir)include\assimp\ColladaMetaData.h">
      <Filter>include\assimp</Filter>
    </ClInclude>
    <ClInclude Include="$(ProjectDir)include\assimp\color4.h">
      <Filter>include\assimp</Filter>
    </ClInclude>
    <ClInclude Include="$(ProjectDir)include\assimp\color4.inl">
      <Filter>include\assimp</Filter>
    </ClInclude>
    <ClInclude Include="$(ProjectDir)include\assimp\commonMetaData.h">
      <Filter>include\assimp</Filter>
    </ClInclude>
    <ClInclude Include="$(ProjectDir)include\assimp\config.h">
      <Filter>include\assimp</Filter>
    </ClInclude>
    <ClInclude Include="$(ProjectDir)include\assimp\CreateAnimMesh.h">
      <Filter>include\assimp</Filter>
    </ClInclude>
    <ClInclude Include="$(ProjectDir)include\assimp\DefaultIOStream.h">
      <Filter>include\assimp</Filter>
    </ClInclude>
    <ClInclude Include="$(ProjectDir)include\assimp\DefaultIOSystem.h">
      <Filter>include\assimp</Filter>
    </ClInclude>
    <ClInclude Include="$(ProjectDir)include\assimp\DefaultLogger.hpp">
      <Filter>include\assimp</Filter>
    </ClInclude>
    <ClInclude Include="$(ProjectDir)include\assimp\defs.h">
      <Filter>include\assimp</Filter>
    </ClInclude>
    <ClInclude Include="$(ProjectDir)include\assimp\Exceptional.h">
      <Filter>include\assimp</Filter>
    </ClInclude>
    <ClInclude Include="$(ProjectDir)include\assimp\Exporter.hpp">
      <Filter>include\assimp</Filter>
    </ClInclude>
    <ClInclude Include="$(ProjectDir)include\assimp\fast_atof.h">
      <Filter>include\assimp</Filter>
    </ClInclude>
    <ClInclude Include="$(ProjectDir)include\assimp\GenericProperty.h">
      <Filter>include\assimp</Filter>
    </ClInclude>
    <ClInclude Include="$(ProjectDir)include\assimp\GltfMaterial.h">
      <Filter>include\assimp</Filter>
    </ClInclude>
    <ClInclude Include="$(ProjectDir)include\assimp\Hash.h">
      <Filter>include\assimp</Filter>
    </ClInclude>
    <ClInclude Include="$(ProjectDir)include\assimp\Importer.hpp">
      <Filter>include\assimp</Filter>
    </ClInclude>
    <ClInclude Include="$(ProjectDir)include\assimp\importerdesc.h">
      <Filter>include\assimp</Filter>
    </ClInclude>
    <ClInclude Include="$(ProjectDir)include\assimp\IOStream.hpp">
      <Filter>include\assimp</Filter>
    </ClInclude>
    <ClInclude Include="$(ProjectDir)include\assimp\IOStreamBuffer.h">
      <Filter>include\assimp</Filter>
    </ClInclude>
    <ClInclude Include="$(ProjectDir)include\assimp\IOSystem.hpp">
      <Filter>include\assimp</Filter>
    </ClInclude>
    <ClInclude Include="$(ProjectDir)include\assimp\light.h">
      <Filter>include\assimp</Filter>
    </ClInclude>
    <ClInclude Include="$(ProjectDir)include\assimp\LineSplitter.h">
      <Filter>include\assimp</Filter>
    </ClInclude>
    <ClInclude Include="$(ProjectDir)include\assimp\LogAux.h">
      <Filter>include\assimp</Filter>
    </ClInclude>
    <ClInclude Include="$(ProjectDir)include\assimp\Logger.hpp">
      <Filter>include\assimp</Filter>
    </ClInclude>
    <ClInclude Include="$(ProjectDir)include\assimp\LogStream.hpp">
      <Filter>include\assimp</Filter>
    </ClInclude>
    <ClInclude Include="$(ProjectDir)include\assimp\material.h">
      <Filter>include\assimp</Filter>
    </ClInclude>
    <ClInclude Include="$(ProjectDir)include\assimp\material.inl">
      <Filter>include\assimp</Filter>
    </ClInclude>
    <ClInclude Include="$(ProjectDir)include\assimp\MathFunctions.h">
      <Filter>include\assimp</Filter>
    </ClInclude>
    <ClInclude Include="$(ProjectDir)include\assimp\matrix3x3.h">
      <Filter>include\assimp</Filter>
    </ClInclude>
    <ClInclude Include="$(ProjectDir)include\assimp\matrix3x3.inl">
      <Filter>include\assimp</Filter>
    </ClInclude>
    <ClInclude Include="$(ProjectDir)include\assimp\matrix4x4.h">
      <Filter>include\assimp</Filter>
    </ClInclude>
    <ClInclude Include="$(ProjectDir)include\assimp\matrix4x4.inl">
      <Filter>include\assimp</Filter>
    </ClInclude>
    <ClInclude Include="$(ProjectDir)include\assimp\MemoryIOWrapper.h">
      <Filter>include\assimp</Filter>
    </ClInclude>
    <ClInclude Include="$(ProjectDir)include\assimp\mesh.h">
      <Filter>include\assimp</Filter>
    </ClInclude>
    <ClInclude Include="$(ProjectDir)include\assimp\metadata.h">
      <Filter>include\assimp</Filter>
    </ClInclude>
    <ClInclude Include="$(ProjectDir)include\assimp\NullLogger.hpp">
      <Filter>include\assimp</Filter>
    </ClInclude>
    <ClInclude Include="$(ProjectDir)include\assimp\ObjMaterial.h">
      <Filter>include\assimp</Filter>
    </ClInclude>
    <ClInclude Include="$(ProjectDir)include\assimp\ParsingUtils.h">
      <Filter>include\assimp</Filter>
    </ClInclude>
    <ClInclude Include="$(ProjectDir)include\assimp\pbrmaterial.h">
      <Filter>include\assimp</Filter>
    </ClInclude>
    <ClInclude Include="$(ProjectDir)include\assimp\postprocess.h">
      <Filter>include\assimp</Filter>
    </ClInclude>
    <ClInclude Include="$(ProjectDir)include\assimp\Profiler.h">
      <Filter>include\assimp</Filter>
    </ClInclude>
    <ClInclude Include="$(ProjectDir)include\assimp\ProgressHandler.hpp">
      <Filter>include\assimp</Filter>
    </ClInclude>
    <ClInclude Include="$(ProjectDir)include\assimp\qnan.h">
      <Filter>include\assimp</Filter>
    </ClInclude>
    <ClInclude Include="$(ProjectDir)include\assimp\quaternion.h">
      <Filter>include\assimp</Filter>
    </ClInclude>
    <ClInclude Include="$(ProjectDir)include\assimp\quaternion.inl">
      <Filter>include\assimp</Filter>
    </ClInclude>
    <ClInclude Include="$(ProjectDir)include\assimp\RemoveComments.h">
      <Filter>include\assimp</Filter>
    </ClInclude>
    <ClInclude Include="$(ProjectDir)include\assimp\scene.h">
      <Filter>include\assimp</Filter>
    </ClInclude>
    <ClInclude Include="$(ProjectDir)include\assimp\SceneCombiner.h">
      <Filter>include\assimp</Filter>
    </ClInclude>
    <ClInclude Include="$(ProjectDir)include\assimp\SGSpatialSort.h">
      <Filter>include\assimp</Filter>
    </ClInclude>
    <ClInclude Include="$(ProjectDir)include\assimp\SkeletonMeshBuilder.h">
      <Filter>include\assimp</Filter>
    </ClInclude>
    <ClInclude Include="$(ProjectDir)include\assimp\SmallVector.h">
      <Filter>include\assimp</Filter>
    </ClInclude>
    <ClInclude Include="$(ProjectDir)include\assimp\SmoothingGroups.h">
      <Filter>include\assimp</Filter>
    </ClInclude>
    <ClInclude Include="$(ProjectDir)include\assimp\SmoothingGroups.inl">
      <Filter>include\assimp</Filter>
    </ClInclude>
    <ClInclude Include="$(ProjectDir)include\assimp\SpatialSort.h">
      <Filter>include\assimp</Filter>
    </ClInclude>
    <ClInclude Include="$(ProjectDir)include\assimp\StandardShapes.h">
      <Filter>include\assimp</Filter>
    </ClInclude>
    <ClInclude Include="$(ProjectDir)include\assimp\StreamWriter.h">
      <Filter>include\assimp</Filter>
    </ClInclude>
    <ClInclude Include="$(ProjectDir)include\assimp\StreamReader.h">
      <Filter>include\assimp</Filter>
    </ClInclude>
    <ClInclude Include="$(ProjectDir)include\assimp\StringComparison.h">
      <Filter>include\assimp</Filter>
    </ClInclude>
    <ClInclude Include="$(ProjectDir)include\assimp\StringUtils.h">
      <Filter>include\assimp</Filter>
    </ClInclude>
    <ClInclude Include="$(ProjectDir)include\assimp\Subdivision.h">
      <Filter>include\assimp</Filter>
    </ClInclude>
    <ClInclude Include="$(ProjectDir)include\assimp\texture.h">
      <Filter>include\assimp</Filter>
    </ClInclude>
    <ClInclude Include="$(ProjectDir)include\assimp\TinyFormatter.h">
      <Filter>include\assimp</Filter>
    </ClInclude>
    <ClInclude Include="$(ProjectDir)include\assimp\types.h">
      <Filter>include\assimp</Filter>
    </ClInclude>
    <ClInclude Include="$(ProjectDir)include\assimp\vector2.h">
      <Filter>include\assimp</Filter>
    </ClInclude>
    <ClInclude Include="$(ProjectDir)include\assimp\vector2.inl">
      <Filter>include\assimp</Filter>
    </ClInclude>
    <ClInclude Include="$(ProjectDir)include\assimp\vector3.h">
      <Filter>include\assimp</Filter>
    </ClInclude>
    <ClInclude Include="$(ProjectDir)include\assimp\vector3.inl">
      <Filter>include\assimp</Filter>
    </ClInclude>
    <ClInclude Include="$(ProjectDir)include\assimp\version.h">
      <Filter>include\assimp</Filter>
    </ClInclude>
    <ClInclude Include="$(ProjectDir)include\assimp\Vertex.h">
      <Filter>include\assimp</Filter>
    </ClInclude>
    <ClInclude Include="$(ProjectDir)include\assimp\XmlParser.h">
      <Filter>include\assimp</Filter>
    </ClInclude>
    <ClInclude Include="$(ProjectDir)include\assimp\XMLTools.h">
      <Filter>include\assimp</Filter>
    </ClInclude>
    <ClInclude Include="$(ProjectDir)include\assimp\ZipArchiveIOSystem.h">
      <Filter>include\assimp</Filter>
    </ClInclude>
    <ClInclude Include="$(ProjectDir)code\Common\ScenePreprocessor.h">
      <Filter>Common</Filter>
    </ClInclude>
    <ClInclude Include="$(ProjectDir)code\Common\ScenePrivate.h">
      <Filter>Common</Filter>
    </ClInclude>
  </ItemGroup>
  <ItemGroup>
    <CustomBuild Include="$(ProjectDir)code\CMakeLists.txt" />
  </ItemGroup>
  <ItemGroup>
    <Filter Include="AssetLib">
      <UniqueIdentifier>{972966D0-6E01-3331-8ED2-D2199AE6C1F7}</UniqueIdentifier>
    </Filter>
    <Filter Include="AssetLib\3D">
      <UniqueIdentifier>{E09F6EC5-F947-3C41-A62A-22DC0E353AC2}</UniqueIdentifier>
    </Filter>
    <Filter Include="AssetLib\3DS">
      <UniqueIdentifier>{25C8C9DE-7C2C-32BA-94CB-AB6ABD78139B}</UniqueIdentifier>
    </Filter>
    <Filter Include="AssetLib\3MF">
      <UniqueIdentifier>{96B9CC6F-21AB-35A5-BAE3-0911991F465C}</UniqueIdentifier>
    </Filter>
    <Filter Include="AssetLib\AMF">
      <UniqueIdentifier>{C0357A82-4F53-3EDA-B3D4-CA839AAD11D7}</UniqueIdentifier>
    </Filter>
    <Filter Include="AssetLib\ASE">
      <UniqueIdentifier>{0F696F41-2C73-30CD-8EC6-17F04D8DF686}</UniqueIdentifier>
    </Filter>
    <Filter Include="AssetLib\ASSBIN">
      <UniqueIdentifier>{D8270AE2-F4B7-3653-8B65-E7C109614C9F}</UniqueIdentifier>
    </Filter>
    <Filter Include="AssetLib\ASSJSON">
      <UniqueIdentifier>{A445AE56-04A7-3DDD-B032-007C82363F17}</UniqueIdentifier>
    </Filter>
    <Filter Include="AssetLib\ASSXML">
      <UniqueIdentifier>{D8BB1067-8CAF-3A4B-BC64-6A0A2EC45010}</UniqueIdentifier>
    </Filter>
    <Filter Include="AssetLib\B3D">
      <UniqueIdentifier>{0B31140A-5B1E-3F45-8EAD-62F5C1298A31}</UniqueIdentifier>
    </Filter>
    <Filter Include="AssetLib\BLEND">
      <UniqueIdentifier>{18BB0786-CC9C-327B-AE7D-5A70E906A91C}</UniqueIdentifier>
    </Filter>
    <Filter Include="AssetLib\BVH">
      <UniqueIdentifier>{8E979A93-8DF8-355A-A1EA-1D77DEF2E232}</UniqueIdentifier>
    </Filter>
    <Filter Include="AssetLib\COB">
      <UniqueIdentifier>{85A13E8E-6449-3C6D-ABC5-4E787B472936}</UniqueIdentifier>
    </Filter>
    <Filter Include="AssetLib\COLLADA">
      <UniqueIdentifier>{A49ADA65-9C8F-3EAC-983B-EEEC2C15F9FE}</UniqueIdentifier>
    </Filter>
    <Filter Include="AssetLib\CSM">
      <UniqueIdentifier>{132C702C-FD7C-3910-9F71-DF3A1465BF21}</UniqueIdentifier>
    </Filter>
    <Filter Include="AssetLib\DXF">
      <UniqueIdentifier>{B376BCBB-F108-3092-BDA9-D9A28BEFC463}</UniqueIdentifier>
    </Filter>
    <Filter Include="AssetLib\FBX">
      <UniqueIdentifier>{0B8CF5FD-34C5-3F02-B132-DF58259F8F2F}</UniqueIdentifier>
    </Filter>
    <Filter Include="AssetLib\GLTF">
      <UniqueIdentifier>{1FEDC852-839B-31CA-8B31-697D8F9386AF}</UniqueIdentifier>
    </Filter>
    <Filter Include="AssetLib\HMP">
      <UniqueIdentifier>{7479BEE3-BF44-32F0-A349-FC19E5346DC1}</UniqueIdentifier>
    </Filter>
    <Filter Include="AssetLib\IFC">
      <UniqueIdentifier>{17804DC7-B49F-336C-AC09-D09F9E5D8092}</UniqueIdentifier>
    </Filter>
    <Filter Include="AssetLib\IQM">
      <UniqueIdentifier>{304B9CBF-B960-3F91-8BFA-081BE676963C}</UniqueIdentifier>
    </Filter>
    <Filter Include="AssetLib\IRR">
      <UniqueIdentifier>{652E1FBC-1FA7-3957-91D8-8FED67BE82A0}</UniqueIdentifier>
    </Filter>
    <Filter Include="AssetLib\IRRMESH">
      <UniqueIdentifier>{4614256C-94F8-3035-AA31-BA2809964430}</UniqueIdentifier>
    </Filter>
    <Filter Include="AssetLib\LWO">
      <UniqueIdentifier>{4710781E-6F2E-3D04-969D-AFE0F35B3270}</UniqueIdentifier>
    </Filter>
    <Filter Include="AssetLib\LWS">
      <UniqueIdentifier>{3CF1376C-8865-3A01-95B0-CD0A4A509516}</UniqueIdentifier>
    </Filter>
    <Filter Include="AssetLib\M3D">
      <UniqueIdentifier>{92D06896-35E0-3215-910E-B3679CA6C8B1}</UniqueIdentifier>
    </Filter>
    <Filter Include="AssetLib\MD2">
      <UniqueIdentifier>{BA4900E9-1D61-34B9-9C4C-E758E5F24033}</UniqueIdentifier>
    </Filter>
    <Filter Include="AssetLib\MD3">
      <UniqueIdentifier>{CE14EC5D-2305-3B31-9E12-D31B1F8178E8}</UniqueIdentifier>
    </Filter>
    <Filter Include="AssetLib\MD5">
      <UniqueIdentifier>{D62CEF51-8C31-32B7-A127-9893BCDC1D55}</UniqueIdentifier>
    </Filter>
    <Filter Include="AssetLib\MDC">
      <UniqueIdentifier>{10C19E8F-E344-394C-B6AE-E6F7BE46F844}</UniqueIdentifier>
    </Filter>
    <Filter Include="AssetLib\MDL">
      <UniqueIdentifier>{7D972C4A-10C8-3621-ABD4-E7E65BABBDCF}</UniqueIdentifier>
    </Filter>
    <Filter Include="AssetLib\MMD">
      <UniqueIdentifier>{1DCF051C-101D-329C-BFE2-44458844AEFC}</UniqueIdentifier>
    </Filter>
    <Filter Include="AssetLib\MS3D">
      <UniqueIdentifier>{760A17AF-F97E-3CD5-941B-CB05E86D8815}</UniqueIdentifier>
    </Filter>
    <Filter Include="AssetLib\NDO">
      <UniqueIdentifier>{5E5280D5-9246-34A6-9636-DD72158F5252}</UniqueIdentifier>
    </Filter>
    <Filter Include="AssetLib\NFF">
      <UniqueIdentifier>{22DA5463-2962-32D1-9641-C8853F3BD969}</UniqueIdentifier>
    </Filter>
    <Filter Include="AssetLib\OBJ">
      <UniqueIdentifier>{8BF42877-5BBB-32C1-AC21-E232C88BC673}</UniqueIdentifier>
    </Filter>
    <Filter Include="AssetLib\OFF">
      <UniqueIdentifier>{D86DF65E-FBBE-33C8-894F-898555C644BE}</UniqueIdentifier>
    </Filter>
    <Filter Include="AssetLib\OGRE">
      <UniqueIdentifier>{68691B8E-C7C6-3B63-8CD1-33F7FC017BDF}</UniqueIdentifier>
    </Filter>
    <Filter Include="AssetLib\OPENGEX">
      <UniqueIdentifier>{C02B197A-A91B-3D21-ACEE-6629EB0EFB54}</UniqueIdentifier>
    </Filter>
    <Filter Include="AssetLib\PBRT">
      <UniqueIdentifier>{D2DFBB51-D82A-3E95-86B4-A4AFB1B4486C}</UniqueIdentifier>
    </Filter>
    <Filter Include="AssetLib\PLY">
      <UniqueIdentifier>{827C2725-AB29-3948-A7F9-6808F649C081}</UniqueIdentifier>
    </Filter>
    <Filter Include="AssetLib\Q3BSP">
      <UniqueIdentifier>{65B26E2B-7328-3506-8E28-D25E754563B0}</UniqueIdentifier>
    </Filter>
    <Filter Include="AssetLib\Q3D">
      <UniqueIdentifier>{20352604-4F26-3952-8B22-9B932E83E34F}</UniqueIdentifier>
    </Filter>
    <Filter Include="AssetLib\RAW">
      <UniqueIdentifier>{CCF1EDB3-FFF7-3A58-9852-BC2B79A9E306}</UniqueIdentifier>
    </Filter>
    <Filter Include="AssetLib\SIB">
      <UniqueIdentifier>{4A44FA20-774C-3EC4-AC20-12A5974BCC5A}</UniqueIdentifier>
    </Filter>
    <Filter Include="AssetLib\SMD">
      <UniqueIdentifier>{B1D08C62-ADCD-3A37-A06B-325B4343F6C4}</UniqueIdentifier>
    </Filter>
    <Filter Include="AssetLib\STEP">
      <UniqueIdentifier>{34C7573A-BC8A-3423-9270-9BD90151CA59}</UniqueIdentifier>
    </Filter>
    <Filter Include="AssetLib\STL">
      <UniqueIdentifier>{9274495E-4723-3BE5-BB48-7A64629B359F}</UniqueIdentifier>
    </Filter>
    <Filter Include="AssetLib\X">
      <UniqueIdentifier>{7AF1B671-EEFC-3186-B4A9-F49978D2839C}</UniqueIdentifier>
    </Filter>
    <Filter Include="AssetLib\X3D">
      <UniqueIdentifier>{CC37C4B9-A15A-332F-8244-D7F1BDC93F16}</UniqueIdentifier>
    </Filter>
    <Filter Include="AssetLib\XGL">
      <UniqueIdentifier>{EF52789E-B7DD-3BCE-B2CB-D4B5BFA3AD0B}</UniqueIdentifier>
    </Filter>
    <Filter Include="CApi">
      <UniqueIdentifier>{6EB17BE0-23C0-3DA0-8EBE-42B95E6511D7}</UniqueIdentifier>
    </Filter>
    <Filter Include="Common">
      <UniqueIdentifier>{55ED307A-BE0A-33C6-A75C-209B49EFAB65}</UniqueIdentifier>
    </Filter>
    <Filter Include="Compiler">
      <UniqueIdentifier>{C88D7160-AC4A-3E31-AB9F-D37666CA5E57}</UniqueIdentifier>
    </Filter>
    <Filter Include="Contrib">
      <UniqueIdentifier>{63550C76-04A9-3DCE-8765-EAE19052B421}</UniqueIdentifier>
    </Filter>
    <Filter Include="Contrib\Clipper">
      <UniqueIdentifier>{A9312A88-66A5-3287-9C67-B75A20E48733}</UniqueIdentifier>
    </Filter>
    <Filter Include="Contrib\Poly2Tri">
      <UniqueIdentifier>{7B34973D-A509-315F-A406-639DE2539306}</UniqueIdentifier>
    </Filter>
    <Filter Include="Contrib\Pugixml">
      <UniqueIdentifier>{003A10FD-547F-3A3F-80AC-BC0F2458CD07}</UniqueIdentifier>
    </Filter>
    <Filter Include="Contrib\openddl_parser">
      <UniqueIdentifier>{8D33FDEA-3AA5-3719-A725-16B1C4D4FBC7}</UniqueIdentifier>
    </Filter>
    <Filter Include="Contrib\stb">
      <UniqueIdentifier>{3B47EA8A-6A14-36BC-97F3-2333242B7C8A}</UniqueIdentifier>
    </Filter>
    <Filter Include="Contrib\unzip">
      <UniqueIdentifier>{69723C01-AB6B-39C4-AA29-04F07DC0DB40}</UniqueIdentifier>
    </Filter>
    <Filter Include="Exporter">
      <UniqueIdentifier>{16ABA0E5-C8CF-3942-BA61-F9149AA21457}</UniqueIdentifier>
    </Filter>
    <Filter Include="Logging">
      <UniqueIdentifier>{16C1B259-ACC8-372F-B70D-8DF15FBBC15B}</UniqueIdentifier>
    </Filter>
    <Filter Include="PostProcessing">
      <UniqueIdentifier>{F07444FC-B0A9-3E1F-80F8-C489463FB312}</UniqueIdentifier>
    </Filter>
    <Filter Include="STEPParser">
      <UniqueIdentifier>{07A1B112-0A34-3B79-B8D0-B6DEC29EBC03}</UniqueIdentifier>
    </Filter>
    <Filter Include="Source Files">
      <UniqueIdentifier>{C69C4AD5-9D7C-3D28-9CCB-BC1B87C6C05C}</UniqueIdentifier>
    </Filter>
    <Filter Include="include">
      <UniqueIdentifier>{791FA4B9-52D5-3DA1-9A3A-2DE92385AA83}</UniqueIdentifier>
    </Filter>
    <Filter Include="include\assimp">
      <UniqueIdentifier>{78F38946-CEF1-3395-8900-D8B77C384639}</UniqueIdentifier>
    </Filter>
    <Filter Include="ziplib">
      <UniqueIdentifier>{EA850350-44CE-3DF6-A2A6-87B03F6FE8EA}</UniqueIdentifier>
    </Filter>
    <Filter Include="AssetLib\AC">
      <UniqueIdentifier>{14DA6C46-2654-3CFC-A61D-A7B0869985D1}</UniqueIdentifier>
    </Filter>
    <Filter Include="AssetLib\TERRAGEN">
      <UniqueIdentifier>{9AD436CE-388F-3AFC-BA55-6EABF827DEA2}</UniqueIdentifier>
    </Filter>
    <Filter Include="Contrib\open3dgc">
      <UniqueIdentifier>{2C9101BF-A219-3FE9-BD6D-44791A79EA1D}</UniqueIdentifier>
    </Filter>
    <Filter Include="MaterialSystem">
      <UniqueIdentifier>{0cbdbb0b-4e2f-42b5-960f-f439f3f94936}</UniqueIdentifier>
    </Filter>
  </ItemGroup>
  <ItemGroup>
    <ResourceCompile Include="$(ProjectDir)code\res\assimp.rc">
      <Filter>Source Files</Filter>
    </ResourceCompile>
  </ItemGroup>
</Project>